// !$*UTF8*$!
{
	archiveVersion = 1;
	classes = {
	};
	objectVersion = 46;
	objects = {

/* Begin PBXBuildFile section */
		C236249119680B980044E37E /* ListViewController.m in Sources */ = {isa = PBXBuildFile; fileRef = C236248C19680B980044E37E /* ListViewController.m */; };
		C236249219680B980044E37E /* MainViewController.m in Sources */ = {isa = PBXBuildFile; fileRef = C236248E19680B980044E37E /* MainViewController.m */; };
		C236249319680B980044E37E /* RadioListViewController.m in Sources */ = {isa = PBXBuildFile; fileRef = C236249019680B980044E37E /* RadioListViewController.m */; };
		C236249819680BA40044E37E /* CurrentPlayerView.m in Sources */ = {isa = PBXBuildFile; fileRef = C236249519680BA40044E37E /* CurrentPlayerView.m */; };
		C236249919680BA40044E37E /* RadioListView.m in Sources */ = {isa = PBXBuildFile; fileRef = C236249719680BA40044E37E /* RadioListView.m */; };
		C23624A319680D210044E37E /* Localizable.strings in Resources */ = {isa = PBXBuildFile; fileRef = C23624A519680D210044E37E /* Localizable.strings */; };
		C29C2B7919680A270045288F /* main.m in Sources */ = {isa = PBXBuildFile; fileRef = C29C2B7819680A270045288F /* main.m */; };
		C29C2B7C19680A270045288F /* AppDelegate.m in Sources */ = {isa = PBXBuildFile; fileRef = C29C2B7B19680A270045288F /* AppDelegate.m */; };
		C29C2B7F19680A270045288F /* radio.xcdatamodeld in Sources */ = {isa = PBXBuildFile; fileRef = C29C2B7D19680A270045288F /* radio.xcdatamodeld */; };
		C29C2B8119680A270045288F /* Images.xcassets in Resources */ = {isa = PBXBuildFile; fileRef = C29C2B8019680A270045288F /* Images.xcassets */; };
		C29C2B8D19680A270045288F /* radioTests.m in Sources */ = {isa = PBXBuildFile; fileRef = C29C2B8C19680A270045288F /* radioTests.m */; };
		C29C2B9819680A560045288F /* InfoPlist.strings in Resources */ = {isa = PBXBuildFile; fileRef = C29C2B9A19680A560045288F /* InfoPlist.strings */; };
/* End PBXBuildFile section */

/* Begin PBXContainerItemProxy section */
		C29C2B8719680A270045288F /* PBXContainerItemProxy */ = {
			isa = PBXContainerItemProxy;
			containerPortal = C29C2B6B19680A270045288F /* Project object */;
			proxyType = 1;
			remoteGlobalIDString = C29C2B7219680A270045288F;
			remoteInfo = radio;
		};
/* End PBXContainerItemProxy section */

/* Begin PBXFileReference section */
		C236248B19680B980044E37E /* ListViewController.h */ = {isa = PBXFileReference; fileEncoding = 4; lastKnownFileType = sourcecode.c.h; name = ListViewController.h; path = Controller/ListViewController.h; sourceTree = "<group>"; };
		C236248C19680B980044E37E /* ListViewController.m */ = {isa = PBXFileReference; fileEncoding = 4; lastKnownFileType = sourcecode.c.objc; name = ListViewController.m; path = Controller/ListViewController.m; sourceTree = "<group>"; };
		C236248D19680B980044E37E /* MainViewController.h */ = {isa = PBXFileReference; fileEncoding = 4; lastKnownFileType = sourcecode.c.h; name = MainViewController.h; path = Controller/MainViewController.h; sourceTree = "<group>"; };
		C236248E19680B980044E37E /* MainViewController.m */ = {isa = PBXFileReference; fileEncoding = 4; lastKnownFileType = sourcecode.c.objc; name = MainViewController.m; path = Controller/MainViewController.m; sourceTree = "<group>"; };
		C236248F19680B980044E37E /* RadioListViewController.h */ = {isa = PBXFileReference; fileEncoding = 4; lastKnownFileType = sourcecode.c.h; name = RadioListViewController.h; path = Controller/RadioListViewController.h; sourceTree = "<group>"; };
		C236249019680B980044E37E /* RadioListViewController.m */ = {isa = PBXFileReference; fileEncoding = 4; lastKnownFileType = sourcecode.c.objc; name = RadioListViewController.m; path = Controller/RadioListViewController.m; sourceTree = "<group>"; };
		C236249419680BA40044E37E /* CurrentPlayerView.h */ = {isa = PBXFileReference; fileEncoding = 4; lastKnownFileType = sourcecode.c.h; name = CurrentPlayerView.h; path = View/CurrentPlayerView.h; sourceTree = "<group>"; };
		C236249519680BA40044E37E /* CurrentPlayerView.m */ = {isa = PBXFileReference; fileEncoding = 4; lastKnownFileType = sourcecode.c.objc; name = CurrentPlayerView.m; path = View/CurrentPlayerView.m; sourceTree = "<group>"; };
		C236249619680BA40044E37E /* RadioListView.h */ = {isa = PBXFileReference; fileEncoding = 4; lastKnownFileType = sourcecode.c.h; name = RadioListView.h; path = View/RadioListView.h; sourceTree = "<group>"; };
		C236249719680BA40044E37E /* RadioListView.m */ = {isa = PBXFileReference; fileEncoding = 4; lastKnownFileType = sourcecode.c.objc; name = RadioListView.m; path = View/RadioListView.m; sourceTree = "<group>"; };
		C236249E19680C340044E37E /* zh-Hant */ = {isa = PBXFileReference; lastKnownFileType = text.plist.strings; name = "zh-Hant"; path = "zh-Hant.lproj/InfoPlist.strings"; sourceTree = "<group>"; };
		C23624A019680C7A0044E37E /* zh-Hans */ = {isa = PBXFileReference; lastKnownFileType = text.plist.strings; name = "zh-Hans"; path = "zh-Hans.lproj/InfoPlist.strings"; sourceTree = "<group>"; };
		C23624A419680D210044E37E /* en */ = {isa = PBXFileReference; lastKnownFileType = text.plist.strings; name = en; path = en.lproj/Localizable.strings; sourceTree = "<group>"; };
		C29C2B7319680A270045288F /* radio.app */ = {isa = PBXFileReference; explicitFileType = wrapper.application; includeInIndex = 0; path = radio.app; sourceTree = BUILT_PRODUCTS_DIR; };
		C29C2B7719680A270045288F /* Info.plist */ = {isa = PBXFileReference; lastKnownFileType = text.plist.xml; path = Info.plist; sourceTree = "<group>"; };
		C29C2B7819680A270045288F /* main.m */ = {isa = PBXFileReference; lastKnownFileType = sourcecode.c.objc; path = main.m; sourceTree = "<group>"; };
		C29C2B7A19680A270045288F /* AppDelegate.h */ = {isa = PBXFileReference; lastKnownFileType = sourcecode.c.h; path = AppDelegate.h; sourceTree = "<group>"; };
		C29C2B7B19680A270045288F /* AppDelegate.m */ = {isa = PBXFileReference; lastKnownFileType = sourcecode.c.objc; path = AppDelegate.m; sourceTree = "<group>"; };
		C29C2B7E19680A270045288F /* radio.xcdatamodel */ = {isa = PBXFileReference; lastKnownFileType = wrapper.xcdatamodel; path = radio.xcdatamodel; sourceTree = "<group>"; };
		C29C2B8019680A270045288F /* Images.xcassets */ = {isa = PBXFileReference; lastKnownFileType = folder.assetcatalog; path = Images.xcassets; sourceTree = "<group>"; };
		C29C2B8619680A270045288F /* radioTests.xctest */ = {isa = PBXFileReference; explicitFileType = wrapper.cfbundle; includeInIndex = 0; path = radioTests.xctest; sourceTree = BUILT_PRODUCTS_DIR; };
		C29C2B8B19680A270045288F /* Info.plist */ = {isa = PBXFileReference; lastKnownFileType = text.plist.xml; path = Info.plist; sourceTree = "<group>"; };
		C29C2B8C19680A270045288F /* radioTests.m */ = {isa = PBXFileReference; lastKnownFileType = sourcecode.c.objc; path = radioTests.m; sourceTree = "<group>"; };
		C29C2B9919680A560045288F /* en */ = {isa = PBXFileReference; lastKnownFileType = text.plist.strings; name = en; path = en.lproj/InfoPlist.strings; sourceTree = "<group>"; };
/* End PBXFileReference section */

/* Begin PBXFrameworksBuildPhase section */
		C29C2B7019680A270045288F /* Frameworks */ = {
			isa = PBXFrameworksBuildPhase;
			buildActionMask = 2147483647;
			files = (
			);
			runOnlyForDeploymentPostprocessing = 0;
		};
		C29C2B8319680A270045288F /* Frameworks */ = {
			isa = PBXFrameworksBuildPhase;
			buildActionMask = 2147483647;
			files = (
			);
			runOnlyForDeploymentPostprocessing = 0;
		};
/* End PBXFrameworksBuildPhase section */

/* Begin PBXGroup section */
		C236248919680B850044E37E /* View */ = {
			isa = PBXGroup;
			children = (
				C236249419680BA40044E37E /* CurrentPlayerView.h */,
				C236249519680BA40044E37E /* CurrentPlayerView.m */,
				C236249619680BA40044E37E /* RadioListView.h */,
				C236249719680BA40044E37E /* RadioListView.m */,
			);
			name = View;
			sourceTree = "<group>";
		};
		C236248A19680B8B0044E37E /* Controller */ = {
			isa = PBXGroup;
			children = (
				C236248B19680B980044E37E /* ListViewController.h */,
				C236248C19680B980044E37E /* ListViewController.m */,
				C236248D19680B980044E37E /* MainViewController.h */,
				C236248E19680B980044E37E /* MainViewController.m */,
				C236248F19680B980044E37E /* RadioListViewController.h */,
				C236249019680B980044E37E /* RadioListViewController.m */,
			);
			name = Controller;
			sourceTree = "<group>";
		};
		C29C2B6A19680A270045288F = {
			isa = PBXGroup;
			children = (
				C29C2B7519680A270045288F /* radio */,
				C29C2B8919680A270045288F /* radioTests */,
				C29C2B7419680A270045288F /* Products */,
			);
			sourceTree = "<group>";
		};
		C29C2B7419680A270045288F /* Products */ = {
			isa = PBXGroup;
			children = (
				C29C2B7319680A270045288F /* radio.app */,
				C29C2B8619680A270045288F /* radioTests.xctest */,
			);
			name = Products;
			sourceTree = "<group>";
		};
		C29C2B7519680A270045288F /* radio */ = {
			isa = PBXGroup;
			children = (
				C236248A19680B8B0044E37E /* Controller */,
				C236248919680B850044E37E /* View */,
				C29C2B7A19680A270045288F /* AppDelegate.h */,
				C29C2B7B19680A270045288F /* AppDelegate.m */,
				C29C2B8019680A270045288F /* Images.xcassets */,
				C29C2B7D19680A270045288F /* radio.xcdatamodeld */,
				C29C2B7619680A270045288F /* Supporting Files */,
			);
			path = radio;
			sourceTree = "<group>";
		};
		C29C2B7619680A270045288F /* Supporting Files */ = {
			isa = PBXGroup;
			children = (
				C29C2B7719680A270045288F /* Info.plist */,
				C29C2B7819680A270045288F /* main.m */,
				C29C2B9A19680A560045288F /* InfoPlist.strings */,
				C23624A519680D210044E37E /* Localizable.strings */,
			);
			name = "Supporting Files";
			sourceTree = "<group>";
		};
		C29C2B8919680A270045288F /* radioTests */ = {
			isa = PBXGroup;
			children = (
				C29C2B8C19680A270045288F /* radioTests.m */,
				C29C2B8A19680A270045288F /* Supporting Files */,
			);
			path = radioTests;
			sourceTree = "<group>";
		};
		C29C2B8A19680A270045288F /* Supporting Files */ = {
			isa = PBXGroup;
			children = (
				C29C2B8B19680A270045288F /* Info.plist */,
			);
			name = "Supporting Files";
			sourceTree = "<group>";
		};
/* End PBXGroup section */

/* Begin PBXNativeTarget section */
		C29C2B7219680A270045288F /* radio */ = {
			isa = PBXNativeTarget;
			buildConfigurationList = C29C2B9019680A270045288F /* Build configuration list for PBXNativeTarget "radio" */;
			buildPhases = (
				C29C2B6F19680A270045288F /* Sources */,
				C29C2B7019680A270045288F /* Frameworks */,
				C29C2B7119680A270045288F /* Resources */,
			);
			buildRules = (
			);
			dependencies = (
			);
			name = radio;
			productName = radio;
			productReference = C29C2B7319680A270045288F /* radio.app */;
			productType = "com.apple.product-type.application";
		};
		C29C2B8519680A270045288F /* radioTests */ = {
			isa = PBXNativeTarget;
			buildConfigurationList = C29C2B9319680A270045288F /* Build configuration list for PBXNativeTarget "radioTests" */;
			buildPhases = (
				C29C2B8219680A270045288F /* Sources */,
				C29C2B8319680A270045288F /* Frameworks */,
				C29C2B8419680A270045288F /* Resources */,
			);
			buildRules = (
			);
			dependencies = (
				C29C2B8819680A270045288F /* PBXTargetDependency */,
			);
			name = radioTests;
			productName = radioTests;
			productReference = C29C2B8619680A270045288F /* radioTests.xctest */;
			productType = "com.apple.product-type.bundle.unit-test";
		};
/* End PBXNativeTarget section */

/* Begin PBXProject section */
		C29C2B6B19680A270045288F /* Project object */ = {
			isa = PBXProject;
			attributes = {
				LastUpgradeCheck = 0600;
				ORGANIZATIONNAME = CathAssist;
				TargetAttributes = {
					C29C2B7219680A270045288F = {
						CreatedOnToolsVersion = 6.0;
					};
					C29C2B8519680A270045288F = {
						CreatedOnToolsVersion = 6.0;
						TestTargetID = C29C2B7219680A270045288F;
					};
				};
			};
			buildConfigurationList = C29C2B6E19680A270045288F /* Build configuration list for PBXProject "radio" */;
			compatibilityVersion = "Xcode 3.2";
			developmentRegion = English;
			hasScannedForEncodings = 0;
			knownRegions = (
				en,
				"zh-Hant",
				"zh-Hans",
			);
			mainGroup = C29C2B6A19680A270045288F;
			productRefGroup = C29C2B7419680A270045288F /* Products */;
			projectDirPath = "";
			projectRoot = "";
			targets = (
				C29C2B7219680A270045288F /* radio */,
				C29C2B8519680A270045288F /* radioTests */,
			);
		};
/* End PBXProject section */

/* Begin PBXResourcesBuildPhase section */
		C29C2B7119680A270045288F /* Resources */ = {
			isa = PBXResourcesBuildPhase;
			buildActionMask = 2147483647;
			files = (
				C29C2B8119680A270045288F /* Images.xcassets in Resources */,
				C23624A319680D210044E37E /* Localizable.strings in Resources */,
				C29C2B9819680A560045288F /* InfoPlist.strings in Resources */,
			);
			runOnlyForDeploymentPostprocessing = 0;
		};
		C29C2B8419680A270045288F /* Resources */ = {
			isa = PBXResourcesBuildPhase;
			buildActionMask = 2147483647;
			files = (
			);
			runOnlyForDeploymentPostprocessing = 0;
		};
/* End PBXResourcesBuildPhase section */

/* Begin PBXSourcesBuildPhase section */
		C29C2B6F19680A270045288F /* Sources */ = {
			isa = PBXSourcesBuildPhase;
			buildActionMask = 2147483647;
			files = (
				C236249919680BA40044E37E /* RadioListView.m in Sources */,
				C236249319680B980044E37E /* RadioListViewController.m in Sources */,
				C29C2B7C19680A270045288F /* AppDelegate.m in Sources */,
				C236249819680BA40044E37E /* CurrentPlayerView.m in Sources */,
				C29C2B7F19680A270045288F /* radio.xcdatamodeld in Sources */,
				C236249119680B980044E37E /* ListViewController.m in Sources */,
				C236249219680B980044E37E /* MainViewController.m in Sources */,
				C29C2B7919680A270045288F /* main.m in Sources */,
			);
			runOnlyForDeploymentPostprocessing = 0;
		};
		C29C2B8219680A270045288F /* Sources */ = {
			isa = PBXSourcesBuildPhase;
			buildActionMask = 2147483647;
			files = (
				C29C2B8D19680A270045288F /* radioTests.m in Sources */,
			);
			runOnlyForDeploymentPostprocessing = 0;
		};
/* End PBXSourcesBuildPhase section */

/* Begin PBXTargetDependency section */
		C29C2B8819680A270045288F /* PBXTargetDependency */ = {
			isa = PBXTargetDependency;
			target = C29C2B7219680A270045288F /* radio */;
			targetProxy = C29C2B8719680A270045288F /* PBXContainerItemProxy */;
		};
/* End PBXTargetDependency section */

/* Begin PBXVariantGroup section */
		C23624A519680D210044E37E /* Localizable.strings */ = {
			isa = PBXVariantGroup;
			children = (
				C23624A419680D210044E37E /* en */,
			);
			name = Localizable.strings;
			sourceTree = "<group>";
		};
		C29C2B9A19680A560045288F /* InfoPlist.strings */ = {
			isa = PBXVariantGroup;
			children = (
				C29C2B9919680A560045288F /* en */,
				C236249E19680C340044E37E /* zh-Hant */,
				C23624A019680C7A0044E37E /* zh-Hans */,
			);
			name = InfoPlist.strings;
			sourceTree = "<group>";
		};
/* End PBXVariantGroup section */

/* Begin XCBuildConfiguration section */
		C29C2B8E19680A270045288F /* Debug */ = {
			isa = XCBuildConfiguration;
			buildSettings = {
				ALWAYS_SEARCH_USER_PATHS = NO;
				CLANG_CXX_LANGUAGE_STANDARD = "gnu++0x";
				CLANG_CXX_LIBRARY = "libc++";
				CLANG_ENABLE_MODULES = YES;
				CLANG_ENABLE_OBJC_ARC = YES;
				CLANG_WARN_BOOL_CONVERSION = YES;
				CLANG_WARN_CONSTANT_CONVERSION = YES;
				CLANG_WARN_DIRECT_OBJC_ISA_USAGE = YES_ERROR;
				CLANG_WARN_EMPTY_BODY = YES;
				CLANG_WARN_ENUM_CONVERSION = YES;
				CLANG_WARN_INT_CONVERSION = YES;
				CLANG_WARN_OBJC_ROOT_CLASS = YES_ERROR;
				CLANG_WARN_UNREACHABLE_CODE = YES;
				CLANG_WARN__DUPLICATE_METHOD_MATCH = YES;
				"CODE_SIGN_IDENTITY[sdk=iphoneos*]" = "iPhone Developer";
				COPY_PHASE_STRIP = NO;
				ENABLE_STRICT_OBJC_MSGSEND = YES;
				GCC_C_LANGUAGE_STANDARD = gnu99;
				GCC_DYNAMIC_NO_PIC = NO;
				GCC_OPTIMIZATION_LEVEL = 0;
				GCC_PREPROCESSOR_DEFINITIONS = (
					"DEBUG=1",
					"$(inherited)",
				);
				GCC_SYMBOLS_PRIVATE_EXTERN = NO;
				GCC_WARN_64_TO_32_BIT_CONVERSION = YES;
				GCC_WARN_ABOUT_RETURN_TYPE = YES_ERROR;
				GCC_WARN_UNDECLARED_SELECTOR = YES;
				GCC_WARN_UNINITIALIZED_AUTOS = YES_AGGRESSIVE;
				GCC_WARN_UNUSED_FUNCTION = YES;
				GCC_WARN_UNUSED_VARIABLE = YES;
				IPHONEOS_DEPLOYMENT_TARGET = 8.0;
				METAL_ENABLE_DEBUG_INFO = YES;
				ONLY_ACTIVE_ARCH = YES;
				SDKROOT = iphoneos;
				TARGETED_DEVICE_FAMILY = "1,2";
			};
			name = Debug;
		};
		C29C2B8F19680A270045288F /* Release */ = {
			isa = XCBuildConfiguration;
			buildSettings = {
				ALWAYS_SEARCH_USER_PATHS = NO;
				CLANG_CXX_LANGUAGE_STANDARD = "gnu++0x";
				CLANG_CXX_LIBRARY = "libc++";
				CLANG_ENABLE_MODULES = YES;
				CLANG_ENABLE_OBJC_ARC = YES;
				CLANG_WARN_BOOL_CONVERSION = YES;
				CLANG_WARN_CONSTANT_CONVERSION = YES;
				CLANG_WARN_DIRECT_OBJC_ISA_USAGE = YES_ERROR;
				CLANG_WARN_EMPTY_BODY = YES;
				CLANG_WARN_ENUM_CONVERSION = YES;
				CLANG_WARN_INT_CONVERSION = YES;
				CLANG_WARN_OBJC_ROOT_CLASS = YES_ERROR;
				CLANG_WARN_UNREACHABLE_CODE = YES;
				CLANG_WARN__DUPLICATE_METHOD_MATCH = YES;
				"CODE_SIGN_IDENTITY[sdk=iphoneos*]" = "iPhone Developer";
				COPY_PHASE_STRIP = YES;
				ENABLE_NS_ASSERTIONS = NO;
				ENABLE_STRICT_OBJC_MSGSEND = YES;
				GCC_C_LANGUAGE_STANDARD = gnu99;
				GCC_WARN_64_TO_32_BIT_CONVERSION = YES;
				GCC_WARN_ABOUT_RETURN_TYPE = YES_ERROR;
				GCC_WARN_UNDECLARED_SELECTOR = YES;
				GCC_WARN_UNINITIALIZED_AUTOS = YES_AGGRESSIVE;
				GCC_WARN_UNUSED_FUNCTION = YES;
				GCC_WARN_UNUSED_VARIABLE = YES;
				IPHONEOS_DEPLOYMENT_TARGET = 8.0;
				METAL_ENABLE_DEBUG_INFO = NO;
				SDKROOT = iphoneos;
				TARGETED_DEVICE_FAMILY = "1,2";
				VALIDATE_PRODUCT = YES;
			};
			name = Release;
		};
		C29C2B9119680A270045288F /* Debug */ = {
			isa = XCBuildConfiguration;
			buildSettings = {
				ASSETCATALOG_COMPILER_APPICON_NAME = AppIcon;
				ASSETCATALOG_COMPILER_LAUNCHIMAGE_NAME = LaunchImage;
				INFOPLIST_FILE = radio/Info.plist;
				IPHONEOS_DEPLOYMENT_TARGET = 7.0;
				LD_RUNPATH_SEARCH_PATHS = "$(inherited) @executable_path/Frameworks";
				PRODUCT_NAME = "$(TARGET_NAME)";
			};
			name = Debug;
		};
		C29C2B9219680A270045288F /* Release */ = {
			isa = XCBuildConfiguration;
			buildSettings = {
				ASSETCATALOG_COMPILER_APPICON_NAME = AppIcon;
				ASSETCATALOG_COMPILER_LAUNCHIMAGE_NAME = LaunchImage;
				INFOPLIST_FILE = radio/Info.plist;
				IPHONEOS_DEPLOYMENT_TARGET = 7.0;
				LD_RUNPATH_SEARCH_PATHS = "$(inherited) @executable_path/Frameworks";
				PRODUCT_NAME = "$(TARGET_NAME)";
			};
			name = Release;
		};
		C29C2B9419680A270045288F /* Debug */ = {
			isa = XCBuildConfiguration;
			buildSettings = {
				BUNDLE_LOADER = "$(BUILT_PRODUCTS_DIR)/radio.app/radio";
				FRAMEWORK_SEARCH_PATHS = (
					"$(SDKROOT)/Developer/Library/Frameworks",
					"$(inherited)",
				);
				GCC_PREPROCESSOR_DEFINITIONS = (
					"DEBUG=1",
					"$(inherited)",
				);
				INFOPLIST_FILE = radioTests/Info.plist;
				LD_RUNPATH_SEARCH_PATHS = "$(inherited) @executable_path/Frameworks @loader_path/Frameworks";
				METAL_ENABLE_DEBUG_INFO = YES;
				PRODUCT_NAME = "$(TARGET_NAME)";
				TEST_HOST = "$(BUNDLE_LOADER)";
			};
			name = Debug;
		};
		C29C2B9519680A270045288F /* Release */ = {
			isa = XCBuildConfiguration;
			buildSettings = {
				BUNDLE_LOADER = "$(BUILT_PRODUCTS_DIR)/radio.app/radio";
				FRAMEWORK_SEARCH_PATHS = (
					"$(SDKROOT)/Developer/Library/Frameworks",
					"$(inherited)",
				);
				INFOPLIST_FILE = radioTests/Info.plist;
				LD_RUNPATH_SEARCH_PATHS = "$(inherited) @executable_path/Frameworks @loader_path/Frameworks";
				METAL_ENABLE_DEBUG_INFO = NO;
				PRODUCT_NAME = "$(TARGET_NAME)";
				TEST_HOST = "$(BUNDLE_LOADER)";
			};
			name = Release;
		};
/* End XCBuildConfiguration section */

/* Begin XCConfigurationList section */
		C29C2B6E19680A270045288F /* Build configuration list for PBXProject "radio" */ = {
			isa = XCConfigurationList;
			buildConfigurations = (
				C29C2B8E19680A270045288F /* Debug */,
				C29C2B8F19680A270045288F /* Release */,
			);
			defaultConfigurationIsVisible = 0;
			defaultConfigurationName = Release;
		};
		C29C2B9019680A270045288F /* Build configuration list for PBXNativeTarget "radio" */ = {
			isa = XCConfigurationList;
			buildConfigurations = (
				C29C2B9119680A270045288F /* Debug */,
				C29C2B9219680A270045288F /* Release */,
			);
			defaultConfigurationIsVisible = 0;
			defaultConfigurationName = Release;
		};
		C29C2B9319680A270045288F /* Build configuration list for PBXNativeTarget "radioTests" */ = {
			isa = XCConfigurationList;
			buildConfigurations = (
				C29C2B9419680A270045288F /* Debug */,
				C29C2B9519680A270045288F /* Release */,
			);
			defaultConfigurationIsVisible = 0;
			defaultConfigurationName = Release;
		};
/* End XCConfigurationList section */

/* Begin XCVersionGroup section */
		C29C2B7D19680A270045288F /* radio.xcdatamodeld */ = {
			isa = XCVersionGroup;
			children = (
				C29C2B7E19680A270045288F /* radio.xcdatamodel */,
			);
			currentVersion = C29C2B7E19680A270045288F /* radio.xcdatamodel */;
			path = radio.xcdatamodeld;
			sourceTree = "<group>";
			versionGroupType = wrapper.xcdatamodel;
		};
/* End XCVersionGroup section */
	};
	rootObject = C29C2B6B19680A270045288F /* Project object */;
}
