// !$*UTF8*$!
{
	archiveVersion = 1;
	classes = {
	};
	objectVersion = 46;
	objects = {

/* Begin PBXBuildFile section */
		8148424918CB50490065ACA8 /* last.png in Resources */ = {isa = PBXBuildFile; fileRef = 8148424818CB50490065ACA8 /* last.png */; };
		817BB1FC18C9F366007435F1 /* Foundation.framework in Frameworks */ = {isa = PBXBuildFile; fileRef = 817BB1FB18C9F366007435F1 /* Foundation.framework */; };
		817BB1FE18C9F366007435F1 /* CoreGraphics.framework in Frameworks */ = {isa = PBXBuildFile; fileRef = 817BB1FD18C9F366007435F1 /* CoreGraphics.framework */; };
		817BB20018C9F366007435F1 /* UIKit.framework in Frameworks */ = {isa = PBXBuildFile; fileRef = 817BB1FF18C9F366007435F1 /* UIKit.framework */; };
		817BB20618C9F366007435F1 /* InfoPlist.strings in Resources */ = {isa = PBXBuildFile; fileRef = 817BB20418C9F366007435F1 /* InfoPlist.strings */; };
		817BB20818C9F366007435F1 /* main.m in Sources */ = {isa = PBXBuildFile; fileRef = 817BB20718C9F366007435F1 /* main.m */; };
		817BB20C18C9F366007435F1 /* CXAppDelegate.m in Sources */ = {isa = PBXBuildFile; fileRef = 817BB20B18C9F366007435F1 /* CXAppDelegate.m */; };
		817BB21218C9F366007435F1 /* CXViewController.m in Sources */ = {isa = PBXBuildFile; fileRef = 817BB21118C9F366007435F1 /* CXViewController.m */; };
		817BB21418C9F366007435F1 /* Images.xcassets in Resources */ = {isa = PBXBuildFile; fileRef = 817BB21318C9F366007435F1 /* Images.xcassets */; };
		817BB21B18C9F366007435F1 /* XCTest.framework in Frameworks */ = {isa = PBXBuildFile; fileRef = 817BB21A18C9F366007435F1 /* XCTest.framework */; };
		817BB21C18C9F366007435F1 /* Foundation.framework in Frameworks */ = {isa = PBXBuildFile; fileRef = 817BB1FB18C9F366007435F1 /* Foundation.framework */; };
		817BB21D18C9F366007435F1 /* UIKit.framework in Frameworks */ = {isa = PBXBuildFile; fileRef = 817BB1FF18C9F366007435F1 /* UIKit.framework */; };
		817BB22518C9F366007435F1 /* InfoPlist.strings in Resources */ = {isa = PBXBuildFile; fileRef = 817BB22318C9F366007435F1 /* InfoPlist.strings */; };
		817BB22718C9F366007435F1 /* CXRadioTests.m in Sources */ = {isa = PBXBuildFile; fileRef = 817BB22618C9F366007435F1 /* CXRadioTests.m */; };
		817BB2E518C9FAE1007435F1 /* XPModel.m in Sources */ = {isa = PBXBuildFile; fileRef = 817BB23218C9FAE0007435F1 /* XPModel.m */; };
		817BB2E618C9FAE1007435F1 /* XPTrack.m in Sources */ = {isa = PBXBuildFile; fileRef = 817BB23418C9FAE0007435F1 /* XPTrack.m */; };
		817BB2E718C9FAE1007435F1 /* XPHttpClient+Album.m in Sources */ = {isa = PBXBuildFile; fileRef = 817BB23718C9FAE1007435F1 /* XPHttpClient+Album.m */; };
		817BB2E818C9FAE1007435F1 /* XPHttpClient.m in Sources */ = {isa = PBXBuildFile; fileRef = 817BB23918C9FAE1007435F1 /* XPHttpClient.m */; };
		817BB2E918C9FAE1007435F1 /* XPStorageManager.m in Sources */ = {isa = PBXBuildFile; fileRef = 817BB23C18C9FAE1007435F1 /* XPStorageManager.m */; };
		817BB2EA18C9FAE1007435F1 /* XPAudioListCell.m in Sources */ = {isa = PBXBuildFile; fileRef = 817BB23F18C9FAE1007435F1 /* XPAudioListCell.m */; };
		817BB2EB18C9FAE1007435F1 /* XPAudioListTable.m in Sources */ = {isa = PBXBuildFile; fileRef = 817BB24118C9FAE1007435F1 /* XPAudioListTable.m */; };
		817BB2EC18C9FAE1007435F1 /* XPExpandedSlider.m in Sources */ = {isa = PBXBuildFile; fileRef = 817BB24318C9FAE1007435F1 /* XPExpandedSlider.m */; };
		817BB2ED18C9FAE1007435F1 /* XPPlayerView.m in Sources */ = {isa = PBXBuildFile; fileRef = 817BB24518C9FAE1007435F1 /* XPPlayerView.m */; };
		817BB2EE18C9FAE1007435F1 /* AFDownloadRequestOperation.m in Sources */ = {isa = PBXBuildFile; fileRef = 817BB24918C9FAE1007435F1 /* AFDownloadRequestOperation.m */; };
		817BB2EF18C9FAE1007435F1 /* AFHTTPClient.m in Sources */ = {isa = PBXBuildFile; fileRef = 817BB24C18C9FAE1007435F1 /* AFHTTPClient.m */; };
		817BB2F018C9FAE1007435F1 /* AFHTTPRequestOperation.m in Sources */ = {isa = PBXBuildFile; fileRef = 817BB24E18C9FAE1007435F1 /* AFHTTPRequestOperation.m */; };
		817BB2F118C9FAE1007435F1 /* AFImageRequestOperation.m in Sources */ = {isa = PBXBuildFile; fileRef = 817BB25018C9FAE1007435F1 /* AFImageRequestOperation.m */; };
		817BB2F218C9FAE1007435F1 /* AFJSONRequestOperation.m in Sources */ = {isa = PBXBuildFile; fileRef = 817BB25218C9FAE1007435F1 /* AFJSONRequestOperation.m */; settings = {COMPILER_FLAGS = "-fno-objc-arc"; }; };
		817BB2F318C9FAE1007435F1 /* AFNetworkActivityIndicatorManager.m in Sources */ = {isa = PBXBuildFile; fileRef = 817BB25418C9FAE1007435F1 /* AFNetworkActivityIndicatorManager.m */; };
		817BB2F418C9FAE1007435F1 /* AFPropertyListRequestOperation.m in Sources */ = {isa = PBXBuildFile; fileRef = 817BB25718C9FAE1007435F1 /* AFPropertyListRequestOperation.m */; };
		817BB2F518C9FAE1007435F1 /* AFURLConnectionOperation.m in Sources */ = {isa = PBXBuildFile; fileRef = 817BB25918C9FAE1007435F1 /* AFURLConnectionOperation.m */; };
		817BB2F618C9FAE1007435F1 /* AFXMLRequestOperation.m in Sources */ = {isa = PBXBuildFile; fileRef = 817BB25B18C9FAE1007435F1 /* AFXMLRequestOperation.m */; };
		817BB2F718C9FAE1007435F1 /* UIImageView+AFNetworking.m in Sources */ = {isa = PBXBuildFile; fileRef = 817BB25D18C9FAE1007435F1 /* UIImageView+AFNetworking.m */; };
		817BB31D18C9FAE1007435F1 /* JSONKit.m in Sources */ = {isa = PBXBuildFile; fileRef = 817BB2AC18C9FAE1007435F1 /* JSONKit.m */; settings = {COMPILER_FLAGS = "-fno-objc-arc"; }; };
		817BB31E18C9FAE1007435F1 /* DDAbstractDatabaseLogger.m in Sources */ = {isa = PBXBuildFile; fileRef = 817BB2AF18C9FAE1007435F1 /* DDAbstractDatabaseLogger.m */; };
		817BB31F18C9FAE1007435F1 /* DDASLLogger.m in Sources */ = {isa = PBXBuildFile; fileRef = 817BB2B118C9FAE1007435F1 /* DDASLLogger.m */; };
		817BB32018C9FAE1007435F1 /* DDFileLogger.m in Sources */ = {isa = PBXBuildFile; fileRef = 817BB2B318C9FAE1007435F1 /* DDFileLogger.m */; };
		817BB32118C9FAE1007435F1 /* DDLog.m in Sources */ = {isa = PBXBuildFile; fileRef = 817BB2B518C9FAE1007435F1 /* DDLog.m */; };
		817BB32218C9FAE1007435F1 /* DDTTYLogger.m in Sources */ = {isa = PBXBuildFile; fileRef = 817BB2B718C9FAE1007435F1 /* DDTTYLogger.m */; };
		817BB32318C9FAE1007435F1 /* ContextFilterLogFormatter.m in Sources */ = {isa = PBXBuildFile; fileRef = 817BB2BA18C9FAE1007435F1 /* ContextFilterLogFormatter.m */; };
		817BB32418C9FAE1007435F1 /* DispatchQueueLogFormatter.m in Sources */ = {isa = PBXBuildFile; fileRef = 817BB2BC18C9FAE1007435F1 /* DispatchQueueLogFormatter.m */; };
		817BB32518C9FAE1007435F1 /* README.txt in Resources */ = {isa = PBXBuildFile; fileRef = 817BB2BD18C9FAE1007435F1 /* README.txt */; };
		817BB32618C9FAE1007435F1 /* MBProgressHUD.m in Sources */ = {isa = PBXBuildFile; fileRef = 817BB2C018C9FAE1007435F1 /* MBProgressHUD.m */; };
		817BB32718C9FAE1007435F1 /* MKAnnotationView+WebCache.m in Sources */ = {isa = PBXBuildFile; fileRef = 817BB2C318C9FAE1007435F1 /* MKAnnotationView+WebCache.m */; };
		817BB32818C9FAE1007435F1 /* NSData+GIF.m in Sources */ = {isa = PBXBuildFile; fileRef = 817BB2C518C9FAE1007435F1 /* NSData+GIF.m */; };
		817BB32918C9FAE1007435F1 /* SDImageCache.m in Sources */ = {isa = PBXBuildFile; fileRef = 817BB2C718C9FAE1007435F1 /* SDImageCache.m */; };
		817BB32A18C9FAE1007435F1 /* SDWebImageCompat.m in Sources */ = {isa = PBXBuildFile; fileRef = 817BB2C918C9FAE1007435F1 /* SDWebImageCompat.m */; };
		817BB32B18C9FAE1007435F1 /* SDWebImageDecoder.m in Sources */ = {isa = PBXBuildFile; fileRef = 817BB2CB18C9FAE1007435F1 /* SDWebImageDecoder.m */; };
		817BB32C18C9FAE1007435F1 /* SDWebImageDownloader.m in Sources */ = {isa = PBXBuildFile; fileRef = 817BB2CD18C9FAE1007435F1 /* SDWebImageDownloader.m */; };
		817BB32D18C9FAE1007435F1 /* SDWebImageDownloaderOperation.m in Sources */ = {isa = PBXBuildFile; fileRef = 817BB2CF18C9FAE1007435F1 /* SDWebImageDownloaderOperation.m */; };
		817BB32E18C9FAE1007435F1 /* SDWebImageManager.m in Sources */ = {isa = PBXBuildFile; fileRef = 817BB2D118C9FAE1007435F1 /* SDWebImageManager.m */; };
		817BB32F18C9FAE1007435F1 /* SDWebImagePrefetcher.m in Sources */ = {isa = PBXBuildFile; fileRef = 817BB2D418C9FAE1007435F1 /* SDWebImagePrefetcher.m */; };
		817BB33018C9FAE1007435F1 /* UIButton+WebCache.m in Sources */ = {isa = PBXBuildFile; fileRef = 817BB2D618C9FAE1007435F1 /* UIButton+WebCache.m */; };
		817BB33118C9FAE1007435F1 /* UIImage+GIF.m in Sources */ = {isa = PBXBuildFile; fileRef = 817BB2D818C9FAE1007435F1 /* UIImage+GIF.m */; };
		817BB33218C9FAE1007435F1 /* UIImage+MultiFormat.m in Sources */ = {isa = PBXBuildFile; fileRef = 817BB2DA18C9FAE1007435F1 /* UIImage+MultiFormat.m */; };
		817BB33318C9FAE1007435F1 /* UIImage+WebP.m in Sources */ = {isa = PBXBuildFile; fileRef = 817BB2DC18C9FAE1007435F1 /* UIImage+WebP.m */; };
		817BB33418C9FAE1007435F1 /* UIImageView+WebCache.m in Sources */ = {isa = PBXBuildFile; fileRef = 817BB2DE18C9FAE1007435F1 /* UIImageView+WebCache.m */; };
		817BB33518C9FAE1007435F1 /* UIScrollView+SVInfiniteScrolling.m in Sources */ = {isa = PBXBuildFile; fileRef = 817BB2E218C9FAE1007435F1 /* UIScrollView+SVInfiniteScrolling.m */; };
		817BB33618C9FAE1007435F1 /* UIScrollView+SVPullToRefresh.m in Sources */ = {isa = PBXBuildFile; fileRef = 817BB2E418C9FAE1007435F1 /* UIScrollView+SVPullToRefresh.m */; };
		817BB33B18C9FAFB007435F1 /* OpenGLES.framework in Frameworks */ = {isa = PBXBuildFile; fileRef = 817BB33A18C9FAFB007435F1 /* OpenGLES.framework */; };
		817BB33D18C9FB0E007435F1 /* Accelerate.framework in Frameworks */ = {isa = PBXBuildFile; fileRef = 817BB33C18C9FB0E007435F1 /* Accelerate.framework */; };
		817BB33F18C9FB1A007435F1 /* AudioToolbox.framework in Frameworks */ = {isa = PBXBuildFile; fileRef = 817BB33E18C9FB1A007435F1 /* AudioToolbox.framework */; };
		817BB34118C9FB26007435F1 /* CFNetwork.framework in Frameworks */ = {isa = PBXBuildFile; fileRef = 817BB34018C9FB26007435F1 /* CFNetwork.framework */; };
		817BB34318C9FB2E007435F1 /* CoreAudio.framework in Frameworks */ = {isa = PBXBuildFile; fileRef = 817BB34218C9FB2E007435F1 /* CoreAudio.framework */; };
		817BB34518C9FB35007435F1 /* AVFoundation.framework in Frameworks */ = {isa = PBXBuildFile; fileRef = 817BB34418C9FB35007435F1 /* AVFoundation.framework */; };
		817BB34718C9FB3C007435F1 /* Security.framework in Frameworks */ = {isa = PBXBuildFile; fileRef = 817BB34618C9FB3C007435F1 /* Security.framework */; };
		817BB34918C9FB44007435F1 /* MapKit.framework in Frameworks */ = {isa = PBXBuildFile; fileRef = 817BB34818C9FB44007435F1 /* MapKit.framework */; };
		817BB34B18C9FB4B007435F1 /* CoreLocation.framework in Frameworks */ = {isa = PBXBuildFile; fileRef = 817BB34A18C9FB4B007435F1 /* CoreLocation.framework */; };
		817BB34D18C9FB5D007435F1 /* ImageIO.framework in Frameworks */ = {isa = PBXBuildFile; fileRef = 817BB34C18C9FB5D007435F1 /* ImageIO.framework */; };
		817BB34F18C9FB65007435F1 /* QuartzCore.framework in Frameworks */ = {isa = PBXBuildFile; fileRef = 817BB34E18C9FB65007435F1 /* QuartzCore.framework */; };
		817BB35118C9FB6C007435F1 /* CoreImage.framework in Frameworks */ = {isa = PBXBuildFile; fileRef = 817BB35018C9FB6C007435F1 /* CoreImage.framework */; };
		817BB35318C9FB79007435F1 /* MobileCoreServices.framework in Frameworks */ = {isa = PBXBuildFile; fileRef = 817BB35218C9FB79007435F1 /* MobileCoreServices.framework */; };
		817BB35518C9FB84007435F1 /* SystemConfiguration.framework in Frameworks */ = {isa = PBXBuildFile; fileRef = 817BB35418C9FB84007435F1 /* SystemConfiguration.framework */; };
		817BB38118C9FC53007435F1 /* DOUAudioAnalyzer+Default.m in Sources */ = {isa = PBXBuildFile; fileRef = 817BB35818C9FC53007435F1 /* DOUAudioAnalyzer+Default.m */; };
		817BB38218C9FC53007435F1 /* DOUAudioAnalyzer.m in Sources */ = {isa = PBXBuildFile; fileRef = 817BB35A18C9FC53007435F1 /* DOUAudioAnalyzer.m */; };
		817BB38318C9FC53007435F1 /* DOUAudioDecoder.m in Sources */ = {isa = PBXBuildFile; fileRef = 817BB35E18C9FC53007435F1 /* DOUAudioDecoder.m */; };
		817BB38418C9FC53007435F1 /* DOUAudioEventLoop.m in Sources */ = {isa = PBXBuildFile; fileRef = 817BB36018C9FC53007435F1 /* DOUAudioEventLoop.m */; };
		817BB38518C9FC53007435F1 /* DOUAudioFilePreprocessor.m in Sources */ = {isa = PBXBuildFile; fileRef = 817BB36318C9FC53007435F1 /* DOUAudioFilePreprocessor.m */; };
		817BB38618C9FC53007435F1 /* DOUAudioFileProvider.m in Sources */ = {isa = PBXBuildFile; fileRef = 817BB36518C9FC53007435F1 /* DOUAudioFileProvider.m */; };
		817BB38718C9FC53007435F1 /* DOUAudioFrequencyAnalyzer.m in Sources */ = {isa = PBXBuildFile; fileRef = 817BB36718C9FC53007435F1 /* DOUAudioFrequencyAnalyzer.m */; };
		817BB38818C9FC53007435F1 /* DOUAudioLPCM.m in Sources */ = {isa = PBXBuildFile; fileRef = 817BB36918C9FC53007435F1 /* DOUAudioLPCM.m */; };
		817BB38918C9FC53007435F1 /* DOUAudioPlaybackItem.m in Sources */ = {isa = PBXBuildFile; fileRef = 817BB36B18C9FC53007435F1 /* DOUAudioPlaybackItem.m */; };
		817BB38A18C9FC53007435F1 /* DOUAudioRenderer.m in Sources */ = {isa = PBXBuildFile; fileRef = 817BB36D18C9FC53007435F1 /* DOUAudioRenderer.m */; };
		817BB38B18C9FC53007435F1 /* DOUAudioSpatialAnalyzer.m in Sources */ = {isa = PBXBuildFile; fileRef = 817BB36F18C9FC53007435F1 /* DOUAudioSpatialAnalyzer.m */; };
		817BB38C18C9FC53007435F1 /* DOUAudioStreamer+Options.m in Sources */ = {isa = PBXBuildFile; fileRef = 817BB37118C9FC53007435F1 /* DOUAudioStreamer+Options.m */; };
		817BB38D18C9FC53007435F1 /* DOUAudioStreamer.m in Sources */ = {isa = PBXBuildFile; fileRef = 817BB37318C9FC53007435F1 /* DOUAudioStreamer.m */; };
		817BB38E18C9FC53007435F1 /* DOUAudioVisualizer.m in Sources */ = {isa = PBXBuildFile; fileRef = 817BB37618C9FC53007435F1 /* DOUAudioVisualizer.m */; };
		817BB38F18C9FC53007435F1 /* DOUEAGL1View.m in Sources */ = {isa = PBXBuildFile; fileRef = 817BB37818C9FC53007435F1 /* DOUEAGL1View.m */; };
		817BB39018C9FC53007435F1 /* DOUEAGLView.m in Sources */ = {isa = PBXBuildFile; fileRef = 817BB37A18C9FC53007435F1 /* DOUEAGLView.m */; };
		817BB39118C9FC53007435F1 /* DOUMPMediaLibraryAssetLoader.m in Sources */ = {isa = PBXBuildFile; fileRef = 817BB37C18C9FC53007435F1 /* DOUMPMediaLibraryAssetLoader.m */; };
		817BB39218C9FC53007435F1 /* DOUSimpleHTTPRequest.m in Sources */ = {isa = PBXBuildFile; fileRef = 817BB37E18C9FC53007435F1 /* DOUSimpleHTTPRequest.m */; };
		817BB39318C9FC53007435F1 /* NSData+DOUMappedFile.m in Sources */ = {isa = PBXBuildFile; fileRef = 817BB38018C9FC53007435F1 /* NSData+DOUMappedFile.m */; };
		817BB39618CA0133007435F1 /* CXAlbum.m in Sources */ = {isa = PBXBuildFile; fileRef = 817BB39518CA0133007435F1 /* CXAlbum.m */; };
		817BB39E18CA059C007435F1 /* NSObject+iOS7Compatibility.m in Sources */ = {isa = PBXBuildFile; fileRef = 817BB39918CA059C007435F1 /* NSObject+iOS7Compatibility.m */; };
		817BB39F18CA059C007435F1 /* NSString+Unicode.m in Sources */ = {isa = PBXBuildFile; fileRef = 817BB39B18CA059C007435F1 /* NSString+Unicode.m */; };
		817BB3A018CA059C007435F1 /* UIView+Additons.m in Sources */ = {isa = PBXBuildFile; fileRef = 817BB39D18CA059C007435F1 /* UIView+Additons.m */; };
		817BB3A818CA0C9D007435F1 /* cd_bg.png in Resources */ = {isa = PBXBuildFile; fileRef = 817BB3A218CA0C9D007435F1 /* cd_bg.png */; };
		817BB3A918CA0C9D007435F1 /* icon_menu.png in Resources */ = {isa = PBXBuildFile; fileRef = 817BB3A318CA0C9D007435F1 /* icon_menu.png */; };
		817BB3AA18CA0C9D007435F1 /* next.png in Resources */ = {isa = PBXBuildFile; fileRef = 817BB3A418CA0C9D007435F1 /* next.png */; };
		817BB3AB18CA0C9D007435F1 /* pause.png in Resources */ = {isa = PBXBuildFile; fileRef = 817BB3A518CA0C9D007435F1 /* pause.png */; };
		817BB3AC18CA0C9D007435F1 /* play.png in Resources */ = {isa = PBXBuildFile; fileRef = 817BB3A618CA0C9D007435F1 /* play.png */; };
		817BB3AD18CA0C9D007435F1 /* turntable_pointer.png in Resources */ = {isa = PBXBuildFile; fileRef = 817BB3A718CA0C9D007435F1 /* turntable_pointer.png */; };
/* End PBXBuildFile section */

/* Begin PBXContainerItemProxy section */
		817BB21E18C9F366007435F1 /* PBXContainerItemProxy */ = {
			isa = PBXContainerItemProxy;
			containerPortal = 817BB1F018C9F366007435F1 /* Project object */;
			proxyType = 1;
			remoteGlobalIDString = 817BB1F718C9F366007435F1;
			remoteInfo = CXRadio;
		};
/* End PBXContainerItemProxy section */

/* Begin PBXFileReference section */
		8148424818CB50490065ACA8 /* last.png */ = {isa = PBXFileReference; lastKnownFileType = image.png; path = last.png; sourceTree = "<group>"; };
		817BB1F818C9F366007435F1 /* CXRadio.app */ = {isa = PBXFileReference; explicitFileType = wrapper.application; includeInIndex = 0; path = CXRadio.app; sourceTree = BUILT_PRODUCTS_DIR; };
		817BB1FB18C9F366007435F1 /* Foundation.framework */ = {isa = PBXFileReference; lastKnownFileType = wrapper.framework; name = Foundation.framework; path = System/Library/Frameworks/Foundation.framework; sourceTree = SDKROOT; };
		817BB1FD18C9F366007435F1 /* CoreGraphics.framework */ = {isa = PBXFileReference; lastKnownFileType = wrapper.framework; name = CoreGraphics.framework; path = System/Library/Frameworks/CoreGraphics.framework; sourceTree = SDKROOT; };
		817BB1FF18C9F366007435F1 /* UIKit.framework */ = {isa = PBXFileReference; lastKnownFileType = wrapper.framework; name = UIKit.framework; path = System/Library/Frameworks/UIKit.framework; sourceTree = SDKROOT; };
		817BB20318C9F366007435F1 /* CXRadio-Info.plist */ = {isa = PBXFileReference; lastKnownFileType = text.plist.xml; path = "CXRadio-Info.plist"; sourceTree = "<group>"; };
		817BB20518C9F366007435F1 /* en */ = {isa = PBXFileReference; lastKnownFileType = text.plist.strings; name = en; path = en.lproj/InfoPlist.strings; sourceTree = "<group>"; };
		817BB20718C9F366007435F1 /* main.m */ = {isa = PBXFileReference; lastKnownFileType = sourcecode.c.objc; path = main.m; sourceTree = "<group>"; };
		817BB20918C9F366007435F1 /* CXRadio-Prefix.pch */ = {isa = PBXFileReference; lastKnownFileType = sourcecode.c.h; path = "CXRadio-Prefix.pch"; sourceTree = "<group>"; };
		817BB20A18C9F366007435F1 /* CXAppDelegate.h */ = {isa = PBXFileReference; lastKnownFileType = sourcecode.c.h; path = CXAppDelegate.h; sourceTree = "<group>"; };
		817BB20B18C9F366007435F1 /* CXAppDelegate.m */ = {isa = PBXFileReference; lastKnownFileType = sourcecode.c.objc; path = CXAppDelegate.m; sourceTree = "<group>"; };
		817BB21018C9F366007435F1 /* CXViewController.h */ = {isa = PBXFileReference; lastKnownFileType = sourcecode.c.h; path = CXViewController.h; sourceTree = "<group>"; };
		817BB21118C9F366007435F1 /* CXViewController.m */ = {isa = PBXFileReference; lastKnownFileType = sourcecode.c.objc; path = CXViewController.m; sourceTree = "<group>"; };
		817BB21318C9F366007435F1 /* Images.xcassets */ = {isa = PBXFileReference; lastKnownFileType = folder.assetcatalog; path = Images.xcassets; sourceTree = "<group>"; };
		817BB21918C9F366007435F1 /* CXRadioTests.xctest */ = {isa = PBXFileReference; explicitFileType = wrapper.cfbundle; includeInIndex = 0; path = CXRadioTests.xctest; sourceTree = BUILT_PRODUCTS_DIR; };
		817BB21A18C9F366007435F1 /* XCTest.framework */ = {isa = PBXFileReference; lastKnownFileType = wrapper.framework; name = XCTest.framework; path = Library/Frameworks/XCTest.framework; sourceTree = DEVELOPER_DIR; };
		817BB22218C9F366007435F1 /* CXRadioTests-Info.plist */ = {isa = PBXFileReference; lastKnownFileType = text.plist.xml; path = "CXRadioTests-Info.plist"; sourceTree = "<group>"; };
		817BB22418C9F366007435F1 /* en */ = {isa = PBXFileReference; lastKnownFileType = text.plist.strings; name = en; path = en.lproj/InfoPlist.strings; sourceTree = "<group>"; };
		817BB22618C9F366007435F1 /* CXRadioTests.m */ = {isa = PBXFileReference; lastKnownFileType = sourcecode.c.objc; path = CXRadioTests.m; sourceTree = "<group>"; };
		817BB23118C9FAE0007435F1 /* XPModel.h */ = {isa = PBXFileReference; fileEncoding = 4; lastKnownFileType = sourcecode.c.h; path = XPModel.h; sourceTree = "<group>"; };
		817BB23218C9FAE0007435F1 /* XPModel.m */ = {isa = PBXFileReference; fileEncoding = 4; lastKnownFileType = sourcecode.c.objc; path = XPModel.m; sourceTree = "<group>"; };
		817BB23318C9FAE0007435F1 /* XPTrack.h */ = {isa = PBXFileReference; fileEncoding = 4; lastKnownFileType = sourcecode.c.h; path = XPTrack.h; sourceTree = "<group>"; };
		817BB23418C9FAE0007435F1 /* XPTrack.m */ = {isa = PBXFileReference; fileEncoding = 4; lastKnownFileType = sourcecode.c.objc; path = XPTrack.m; sourceTree = "<group>"; };
		817BB23618C9FAE1007435F1 /* XPHttpClient+Album.h */ = {isa = PBXFileReference; fileEncoding = 4; lastKnownFileType = sourcecode.c.h; path = "XPHttpClient+Album.h"; sourceTree = "<group>"; };
		817BB23718C9FAE1007435F1 /* XPHttpClient+Album.m */ = {isa = PBXFileReference; fileEncoding = 4; lastKnownFileType = sourcecode.c.objc; path = "XPHttpClient+Album.m"; sourceTree = "<group>"; };
		817BB23818C9FAE1007435F1 /* XPHttpClient.h */ = {isa = PBXFileReference; fileEncoding = 4; lastKnownFileType = sourcecode.c.h; path = XPHttpClient.h; sourceTree = "<group>"; };
		817BB23918C9FAE1007435F1 /* XPHttpClient.m */ = {isa = PBXFileReference; fileEncoding = 4; lastKnownFileType = sourcecode.c.objc; path = XPHttpClient.m; sourceTree = "<group>"; };
		817BB23B18C9FAE1007435F1 /* XPStorageManager.h */ = {isa = PBXFileReference; fileEncoding = 4; lastKnownFileType = sourcecode.c.h; path = XPStorageManager.h; sourceTree = "<group>"; };
		817BB23C18C9FAE1007435F1 /* XPStorageManager.m */ = {isa = PBXFileReference; fileEncoding = 4; lastKnownFileType = sourcecode.c.objc; path = XPStorageManager.m; sourceTree = "<group>"; };
		817BB23E18C9FAE1007435F1 /* XPAudioListCell.h */ = {isa = PBXFileReference; fileEncoding = 4; lastKnownFileType = sourcecode.c.h; path = XPAudioListCell.h; sourceTree = "<group>"; };
		817BB23F18C9FAE1007435F1 /* XPAudioListCell.m */ = {isa = PBXFileReference; fileEncoding = 4; lastKnownFileType = sourcecode.c.objc; path = XPAudioListCell.m; sourceTree = "<group>"; };
		817BB24018C9FAE1007435F1 /* XPAudioListTable.h */ = {isa = PBXFileReference; fileEncoding = 4; lastKnownFileType = sourcecode.c.h; path = XPAudioListTable.h; sourceTree = "<group>"; };
		817BB24118C9FAE1007435F1 /* XPAudioListTable.m */ = {isa = PBXFileReference; fileEncoding = 4; lastKnownFileType = sourcecode.c.objc; path = XPAudioListTable.m; sourceTree = "<group>"; };
		817BB24218C9FAE1007435F1 /* XPExpandedSlider.h */ = {isa = PBXFileReference; fileEncoding = 4; lastKnownFileType = sourcecode.c.h; path = XPExpandedSlider.h; sourceTree = "<group>"; };
		817BB24318C9FAE1007435F1 /* XPExpandedSlider.m */ = {isa = PBXFileReference; fileEncoding = 4; lastKnownFileType = sourcecode.c.objc; path = XPExpandedSlider.m; sourceTree = "<group>"; };
		817BB24418C9FAE1007435F1 /* XPPlayerView.h */ = {isa = PBXFileReference; fileEncoding = 4; lastKnownFileType = sourcecode.c.h; path = XPPlayerView.h; sourceTree = "<group>"; };
		817BB24518C9FAE1007435F1 /* XPPlayerView.m */ = {isa = PBXFileReference; fileEncoding = 4; lastKnownFileType = sourcecode.c.objc; path = XPPlayerView.m; sourceTree = "<group>"; };
		817BB24818C9FAE1007435F1 /* AFDownloadRequestOperation.h */ = {isa = PBXFileReference; fileEncoding = 4; lastKnownFileType = sourcecode.c.h; path = AFDownloadRequestOperation.h; sourceTree = "<group>"; };
		817BB24918C9FAE1007435F1 /* AFDownloadRequestOperation.m */ = {isa = PBXFileReference; fileEncoding = 4; lastKnownFileType = sourcecode.c.objc; path = AFDownloadRequestOperation.m; sourceTree = "<group>"; };
		817BB24B18C9FAE1007435F1 /* AFHTTPClient.h */ = {isa = PBXFileReference; fileEncoding = 4; lastKnownFileType = sourcecode.c.h; path = AFHTTPClient.h; sourceTree = "<group>"; };
		817BB24C18C9FAE1007435F1 /* AFHTTPClient.m */ = {isa = PBXFileReference; fileEncoding = 4; lastKnownFileType = sourcecode.c.objc; path = AFHTTPClient.m; sourceTree = "<group>"; };
		817BB24D18C9FAE1007435F1 /* AFHTTPRequestOperation.h */ = {isa = PBXFileReference; fileEncoding = 4; lastKnownFileType = sourcecode.c.h; path = AFHTTPRequestOperation.h; sourceTree = "<group>"; };
		817BB24E18C9FAE1007435F1 /* AFHTTPRequestOperation.m */ = {isa = PBXFileReference; fileEncoding = 4; lastKnownFileType = sourcecode.c.objc; path = AFHTTPRequestOperation.m; sourceTree = "<group>"; };
		817BB24F18C9FAE1007435F1 /* AFImageRequestOperation.h */ = {isa = PBXFileReference; fileEncoding = 4; lastKnownFileType = sourcecode.c.h; path = AFImageRequestOperation.h; sourceTree = "<group>"; };
		817BB25018C9FAE1007435F1 /* AFImageRequestOperation.m */ = {isa = PBXFileReference; fileEncoding = 4; lastKnownFileType = sourcecode.c.objc; path = AFImageRequestOperation.m; sourceTree = "<group>"; };
		817BB25118C9FAE1007435F1 /* AFJSONRequestOperation.h */ = {isa = PBXFileReference; fileEncoding = 4; lastKnownFileType = sourcecode.c.h; path = AFJSONRequestOperation.h; sourceTree = "<group>"; };
		817BB25218C9FAE1007435F1 /* AFJSONRequestOperation.m */ = {isa = PBXFileReference; fileEncoding = 4; lastKnownFileType = sourcecode.c.objc; path = AFJSONRequestOperation.m; sourceTree = "<group>"; };
		817BB25318C9FAE1007435F1 /* AFNetworkActivityIndicatorManager.h */ = {isa = PBXFileReference; fileEncoding = 4; lastKnownFileType = sourcecode.c.h; path = AFNetworkActivityIndicatorManager.h; sourceTree = "<group>"; };
		817BB25418C9FAE1007435F1 /* AFNetworkActivityIndicatorManager.m */ = {isa = PBXFileReference; fileEncoding = 4; lastKnownFileType = sourcecode.c.objc; path = AFNetworkActivityIndicatorManager.m; sourceTree = "<group>"; };
		817BB25518C9FAE1007435F1 /* AFNetworking.h */ = {isa = PBXFileReference; fileEncoding = 4; lastKnownFileType = sourcecode.c.h; path = AFNetworking.h; sourceTree = "<group>"; };
		817BB25618C9FAE1007435F1 /* AFPropertyListRequestOperation.h */ = {isa = PBXFileReference; fileEncoding = 4; lastKnownFileType = sourcecode.c.h; path = AFPropertyListRequestOperation.h; sourceTree = "<group>"; };
		817BB25718C9FAE1007435F1 /* AFPropertyListRequestOperation.m */ = {isa = PBXFileReference; fileEncoding = 4; lastKnownFileType = sourcecode.c.objc; path = AFPropertyListRequestOperation.m; sourceTree = "<group>"; };
		817BB25818C9FAE1007435F1 /* AFURLConnectionOperation.h */ = {isa = PBXFileReference; fileEncoding = 4; lastKnownFileType = sourcecode.c.h; path = AFURLConnectionOperation.h; sourceTree = "<group>"; };
		817BB25918C9FAE1007435F1 /* AFURLConnectionOperation.m */ = {isa = PBXFileReference; fileEncoding = 4; lastKnownFileType = sourcecode.c.objc; path = AFURLConnectionOperation.m; sourceTree = "<group>"; };
		817BB25A18C9FAE1007435F1 /* AFXMLRequestOperation.h */ = {isa = PBXFileReference; fileEncoding = 4; lastKnownFileType = sourcecode.c.h; path = AFXMLRequestOperation.h; sourceTree = "<group>"; };
		817BB25B18C9FAE1007435F1 /* AFXMLRequestOperation.m */ = {isa = PBXFileReference; fileEncoding = 4; lastKnownFileType = sourcecode.c.objc; path = AFXMLRequestOperation.m; sourceTree = "<group>"; };
		817BB25C18C9FAE1007435F1 /* UIImageView+AFNetworking.h */ = {isa = PBXFileReference; fileEncoding = 4; lastKnownFileType = sourcecode.c.h; path = "UIImageView+AFNetworking.h"; sourceTree = "<group>"; };
		817BB25D18C9FAE1007435F1 /* UIImageView+AFNetworking.m */ = {isa = PBXFileReference; fileEncoding = 4; lastKnownFileType = sourcecode.c.objc; path = "UIImageView+AFNetworking.m"; sourceTree = "<group>"; };
		817BB2AB18C9FAE1007435F1 /* JSONKit.h */ = {isa = PBXFileReference; fileEncoding = 4; lastKnownFileType = sourcecode.c.h; path = JSONKit.h; sourceTree = "<group>"; };
		817BB2AC18C9FAE1007435F1 /* JSONKit.m */ = {isa = PBXFileReference; fileEncoding = 4; lastKnownFileType = sourcecode.c.objc; path = JSONKit.m; sourceTree = "<group>"; };
		817BB2AE18C9FAE1007435F1 /* DDAbstractDatabaseLogger.h */ = {isa = PBXFileReference; fileEncoding = 4; lastKnownFileType = sourcecode.c.h; path = DDAbstractDatabaseLogger.h; sourceTree = "<group>"; };
		817BB2AF18C9FAE1007435F1 /* DDAbstractDatabaseLogger.m */ = {isa = PBXFileReference; fileEncoding = 4; lastKnownFileType = sourcecode.c.objc; path = DDAbstractDatabaseLogger.m; sourceTree = "<group>"; };
		817BB2B018C9FAE1007435F1 /* DDASLLogger.h */ = {isa = PBXFileReference; fileEncoding = 4; lastKnownFileType = sourcecode.c.h; path = DDASLLogger.h; sourceTree = "<group>"; };
		817BB2B118C9FAE1007435F1 /* DDASLLogger.m */ = {isa = PBXFileReference; fileEncoding = 4; lastKnownFileType = sourcecode.c.objc; path = DDASLLogger.m; sourceTree = "<group>"; };
		817BB2B218C9FAE1007435F1 /* DDFileLogger.h */ = {isa = PBXFileReference; fileEncoding = 4; lastKnownFileType = sourcecode.c.h; path = DDFileLogger.h; sourceTree = "<group>"; };
		817BB2B318C9FAE1007435F1 /* DDFileLogger.m */ = {isa = PBXFileReference; fileEncoding = 4; lastKnownFileType = sourcecode.c.objc; path = DDFileLogger.m; sourceTree = "<group>"; };
		817BB2B418C9FAE1007435F1 /* DDLog.h */ = {isa = PBXFileReference; fileEncoding = 4; lastKnownFileType = sourcecode.c.h; path = DDLog.h; sourceTree = "<group>"; };
		817BB2B518C9FAE1007435F1 /* DDLog.m */ = {isa = PBXFileReference; fileEncoding = 4; lastKnownFileType = sourcecode.c.objc; path = DDLog.m; sourceTree = "<group>"; };
		817BB2B618C9FAE1007435F1 /* DDTTYLogger.h */ = {isa = PBXFileReference; fileEncoding = 4; lastKnownFileType = sourcecode.c.h; path = DDTTYLogger.h; sourceTree = "<group>"; };
		817BB2B718C9FAE1007435F1 /* DDTTYLogger.m */ = {isa = PBXFileReference; fileEncoding = 4; lastKnownFileType = sourcecode.c.objc; path = DDTTYLogger.m; sourceTree = "<group>"; };
		817BB2B918C9FAE1007435F1 /* ContextFilterLogFormatter.h */ = {isa = PBXFileReference; fileEncoding = 4; lastKnownFileType = sourcecode.c.h; path = ContextFilterLogFormatter.h; sourceTree = "<group>"; };
		817BB2BA18C9FAE1007435F1 /* ContextFilterLogFormatter.m */ = {isa = PBXFileReference; fileEncoding = 4; lastKnownFileType = sourcecode.c.objc; path = ContextFilterLogFormatter.m; sourceTree = "<group>"; };
		817BB2BB18C9FAE1007435F1 /* DispatchQueueLogFormatter.h */ = {isa = PBXFileReference; fileEncoding = 4; lastKnownFileType = sourcecode.c.h; path = DispatchQueueLogFormatter.h; sourceTree = "<group>"; };
		817BB2BC18C9FAE1007435F1 /* DispatchQueueLogFormatter.m */ = {isa = PBXFileReference; fileEncoding = 4; lastKnownFileType = sourcecode.c.objc; path = DispatchQueueLogFormatter.m; sourceTree = "<group>"; };
		817BB2BD18C9FAE1007435F1 /* README.txt */ = {isa = PBXFileReference; fileEncoding = 4; lastKnownFileType = text; path = README.txt; sourceTree = "<group>"; };
		817BB2BF18C9FAE1007435F1 /* MBProgressHUD.h */ = {isa = PBXFileReference; fileEncoding = 4; lastKnownFileType = sourcecode.c.h; path = MBProgressHUD.h; sourceTree = "<group>"; };
		817BB2C018C9FAE1007435F1 /* MBProgressHUD.m */ = {isa = PBXFileReference; fileEncoding = 4; lastKnownFileType = sourcecode.c.objc; path = MBProgressHUD.m; sourceTree = "<group>"; };
		817BB2C218C9FAE1007435F1 /* MKAnnotationView+WebCache.h */ = {isa = PBXFileReference; fileEncoding = 4; lastKnownFileType = sourcecode.c.h; path = "MKAnnotationView+WebCache.h"; sourceTree = "<group>"; };
		817BB2C318C9FAE1007435F1 /* MKAnnotationView+WebCache.m */ = {isa = PBXFileReference; fileEncoding = 4; lastKnownFileType = sourcecode.c.objc; path = "MKAnnotationView+WebCache.m"; sourceTree = "<group>"; };
		817BB2C418C9FAE1007435F1 /* NSData+GIF.h */ = {isa = PBXFileReference; fileEncoding = 4; lastKnownFileType = sourcecode.c.h; path = "NSData+GIF.h"; sourceTree = "<group>"; };
		817BB2C518C9FAE1007435F1 /* NSData+GIF.m */ = {isa = PBXFileReference; fileEncoding = 4; lastKnownFileType = sourcecode.c.objc; path = "NSData+GIF.m"; sourceTree = "<group>"; };
		817BB2C618C9FAE1007435F1 /* SDImageCache.h */ = {isa = PBXFileReference; fileEncoding = 4; lastKnownFileType = sourcecode.c.h; path = SDImageCache.h; sourceTree = "<group>"; };
		817BB2C718C9FAE1007435F1 /* SDImageCache.m */ = {isa = PBXFileReference; fileEncoding = 4; lastKnownFileType = sourcecode.c.objc; path = SDImageCache.m; sourceTree = "<group>"; };
		817BB2C818C9FAE1007435F1 /* SDWebImageCompat.h */ = {isa = PBXFileReference; fileEncoding = 4; lastKnownFileType = sourcecode.c.h; path = SDWebImageCompat.h; sourceTree = "<group>"; };
		817BB2C918C9FAE1007435F1 /* SDWebImageCompat.m */ = {isa = PBXFileReference; fileEncoding = 4; lastKnownFileType = sourcecode.c.objc; path = SDWebImageCompat.m; sourceTree = "<group>"; };
		817BB2CA18C9FAE1007435F1 /* SDWebImageDecoder.h */ = {isa = PBXFileReference; fileEncoding = 4; lastKnownFileType = sourcecode.c.h; path = SDWebImageDecoder.h; sourceTree = "<group>"; };
		817BB2CB18C9FAE1007435F1 /* SDWebImageDecoder.m */ = {isa = PBXFileReference; fileEncoding = 4; lastKnownFileType = sourcecode.c.objc; path = SDWebImageDecoder.m; sourceTree = "<group>"; };
		817BB2CC18C9FAE1007435F1 /* SDWebImageDownloader.h */ = {isa = PBXFileReference; fileEncoding = 4; lastKnownFileType = sourcecode.c.h; path = SDWebImageDownloader.h; sourceTree = "<group>"; };
		817BB2CD18C9FAE1007435F1 /* SDWebImageDownloader.m */ = {isa = PBXFileReference; fileEncoding = 4; lastKnownFileType = sourcecode.c.objc; path = SDWebImageDownloader.m; sourceTree = "<group>"; };
		817BB2CE18C9FAE1007435F1 /* SDWebImageDownloaderOperation.h */ = {isa = PBXFileReference; fileEncoding = 4; lastKnownFileType = sourcecode.c.h; path = SDWebImageDownloaderOperation.h; sourceTree = "<group>"; };
		817BB2CF18C9FAE1007435F1 /* SDWebImageDownloaderOperation.m */ = {isa = PBXFileReference; fileEncoding = 4; lastKnownFileType = sourcecode.c.objc; path = SDWebImageDownloaderOperation.m; sourceTree = "<group>"; };
		817BB2D018C9FAE1007435F1 /* SDWebImageManager.h */ = {isa = PBXFileReference; fileEncoding = 4; lastKnownFileType = sourcecode.c.h; path = SDWebImageManager.h; sourceTree = "<group>"; };
		817BB2D118C9FAE1007435F1 /* SDWebImageManager.m */ = {isa = PBXFileReference; fileEncoding = 4; lastKnownFileType = sourcecode.c.objc; path = SDWebImageManager.m; sourceTree = "<group>"; };
		817BB2D218C9FAE1007435F1 /* SDWebImageOperation.h */ = {isa = PBXFileReference; fileEncoding = 4; lastKnownFileType = sourcecode.c.h; path = SDWebImageOperation.h; sourceTree = "<group>"; };
		817BB2D318C9FAE1007435F1 /* SDWebImagePrefetcher.h */ = {isa = PBXFileReference; fileEncoding = 4; lastKnownFileType = sourcecode.c.h; path = SDWebImagePrefetcher.h; sourceTree = "<group>"; };
		817BB2D418C9FAE1007435F1 /* SDWebImagePrefetcher.m */ = {isa = PBXFileReference; fileEncoding = 4; lastKnownFileType = sourcecode.c.objc; path = SDWebImagePrefetcher.m; sourceTree = "<group>"; };
		817BB2D518C9FAE1007435F1 /* UIButton+WebCache.h */ = {isa = PBXFileReference; fileEncoding = 4; lastKnownFileType = sourcecode.c.h; path = "UIButton+WebCache.h"; sourceTree = "<group>"; };
		817BB2D618C9FAE1007435F1 /* UIButton+WebCache.m */ = {isa = PBXFileReference; fileEncoding = 4; lastKnownFileType = sourcecode.c.objc; path = "UIButton+WebCache.m"; sourceTree = "<group>"; };
		817BB2D718C9FAE1007435F1 /* UIImage+GIF.h */ = {isa = PBXFileReference; fileEncoding = 4; lastKnownFileType = sourcecode.c.h; path = "UIImage+GIF.h"; sourceTree = "<group>"; };
		817BB2D818C9FAE1007435F1 /* UIImage+GIF.m */ = {isa = PBXFileReference; fileEncoding = 4; lastKnownFileType = sourcecode.c.objc; path = "UIImage+GIF.m"; sourceTree = "<group>"; };
		817BB2D918C9FAE1007435F1 /* UIImage+MultiFormat.h */ = {isa = PBXFileReference; fileEncoding = 4; lastKnownFileType = sourcecode.c.h; path = "UIImage+MultiFormat.h"; sourceTree = "<group>"; };
		817BB2DA18C9FAE1007435F1 /* UIImage+MultiFormat.m */ = {isa = PBXFileReference; fileEncoding = 4; lastKnownFileType = sourcecode.c.objc; path = "UIImage+MultiFormat.m"; sourceTree = "<group>"; };
		817BB2DB18C9FAE1007435F1 /* UIImage+WebP.h */ = {isa = PBXFileReference; fileEncoding = 4; lastKnownFileType = sourcecode.c.h; path = "UIImage+WebP.h"; sourceTree = "<group>"; };
		817BB2DC18C9FAE1007435F1 /* UIImage+WebP.m */ = {isa = PBXFileReference; fileEncoding = 4; lastKnownFileType = sourcecode.c.objc; path = "UIImage+WebP.m"; sourceTree = "<group>"; };
		817BB2DD18C9FAE1007435F1 /* UIImageView+WebCache.h */ = {isa = PBXFileReference; fileEncoding = 4; lastKnownFileType = sourcecode.c.h; path = "UIImageView+WebCache.h"; sourceTree = "<group>"; };
		817BB2DE18C9FAE1007435F1 /* UIImageView+WebCache.m */ = {isa = PBXFileReference; fileEncoding = 4; lastKnownFileType = sourcecode.c.objc; path = "UIImageView+WebCache.m"; sourceTree = "<group>"; };
		817BB2E018C9FAE1007435F1 /* SVPullToRefresh.h */ = {isa = PBXFileReference; fileEncoding = 4; lastKnownFileType = sourcecode.c.h; path = SVPullToRefresh.h; sourceTree = "<group>"; };
		817BB2E118C9FAE1007435F1 /* UIScrollView+SVInfiniteScrolling.h */ = {isa = PBXFileReference; fileEncoding = 4; lastKnownFileType = sourcecode.c.h; path = "UIScrollView+SVInfiniteScrolling.h"; sourceTree = "<group>"; };
		817BB2E218C9FAE1007435F1 /* UIScrollView+SVInfiniteScrolling.m */ = {isa = PBXFileReference; fileEncoding = 4; lastKnownFileType = sourcecode.c.objc; path = "UIScrollView+SVInfiniteScrolling.m"; sourceTree = "<group>"; };
		817BB2E318C9FAE1007435F1 /* UIScrollView+SVPullToRefresh.h */ = {isa = PBXFileReference; fileEncoding = 4; lastKnownFileType = sourcecode.c.h; path = "UIScrollView+SVPullToRefresh.h"; sourceTree = "<group>"; };
		817BB2E418C9FAE1007435F1 /* UIScrollView+SVPullToRefresh.m */ = {isa = PBXFileReference; fileEncoding = 4; lastKnownFileType = sourcecode.c.objc; path = "UIScrollView+SVPullToRefresh.m"; sourceTree = "<group>"; };
		817BB33A18C9FAFB007435F1 /* OpenGLES.framework */ = {isa = PBXFileReference; lastKnownFileType = wrapper.framework; name = OpenGLES.framework; path = System/Library/Frameworks/OpenGLES.framework; sourceTree = SDKROOT; };
		817BB33C18C9FB0E007435F1 /* Accelerate.framework */ = {isa = PBXFileReference; lastKnownFileType = wrapper.framework; name = Accelerate.framework; path = System/Library/Frameworks/Accelerate.framework; sourceTree = SDKROOT; };
		817BB33E18C9FB1A007435F1 /* AudioToolbox.framework */ = {isa = PBXFileReference; lastKnownFileType = wrapper.framework; name = AudioToolbox.framework; path = System/Library/Frameworks/AudioToolbox.framework; sourceTree = SDKROOT; };
		817BB34018C9FB26007435F1 /* CFNetwork.framework */ = {isa = PBXFileReference; lastKnownFileType = wrapper.framework; name = CFNetwork.framework; path = System/Library/Frameworks/CFNetwork.framework; sourceTree = SDKROOT; };
		817BB34218C9FB2E007435F1 /* CoreAudio.framework */ = {isa = PBXFileReference; lastKnownFileType = wrapper.framework; name = CoreAudio.framework; path = System/Library/Frameworks/CoreAudio.framework; sourceTree = SDKROOT; };
		817BB34418C9FB35007435F1 /* AVFoundation.framework */ = {isa = PBXFileReference; lastKnownFileType = wrapper.framework; name = AVFoundation.framework; path = System/Library/Frameworks/AVFoundation.framework; sourceTree = SDKROOT; };
		817BB34618C9FB3C007435F1 /* Security.framework */ = {isa = PBXFileReference; lastKnownFileType = wrapper.framework; name = Security.framework; path = System/Library/Frameworks/Security.framework; sourceTree = SDKROOT; };
		817BB34818C9FB44007435F1 /* MapKit.framework */ = {isa = PBXFileReference; lastKnownFileType = wrapper.framework; name = MapKit.framework; path = System/Library/Frameworks/MapKit.framework; sourceTree = SDKROOT; };
		817BB34A18C9FB4B007435F1 /* CoreLocation.framework */ = {isa = PBXFileReference; lastKnownFileType = wrapper.framework; name = CoreLocation.framework; path = System/Library/Frameworks/CoreLocation.framework; sourceTree = SDKROOT; };
		817BB34C18C9FB5D007435F1 /* ImageIO.framework */ = {isa = PBXFileReference; lastKnownFileType = wrapper.framework; name = ImageIO.framework; path = System/Library/Frameworks/ImageIO.framework; sourceTree = SDKROOT; };
		817BB34E18C9FB65007435F1 /* QuartzCore.framework */ = {isa = PBXFileReference; lastKnownFileType = wrapper.framework; name = QuartzCore.framework; path = System/Library/Frameworks/QuartzCore.framework; sourceTree = SDKROOT; };
		817BB35018C9FB6C007435F1 /* CoreImage.framework */ = {isa = PBXFileReference; lastKnownFileType = wrapper.framework; name = CoreImage.framework; path = System/Library/Frameworks/CoreImage.framework; sourceTree = SDKROOT; };
		817BB35218C9FB79007435F1 /* MobileCoreServices.framework */ = {isa = PBXFileReference; lastKnownFileType = wrapper.framework; name = MobileCoreServices.framework; path = System/Library/Frameworks/MobileCoreServices.framework; sourceTree = SDKROOT; };
		817BB35418C9FB84007435F1 /* SystemConfiguration.framework */ = {isa = PBXFileReference; lastKnownFileType = wrapper.framework; name = SystemConfiguration.framework; path = System/Library/Frameworks/SystemConfiguration.framework; sourceTree = SDKROOT; };
		817BB35718C9FC53007435F1 /* DOUAudioAnalyzer+Default.h */ = {isa = PBXFileReference; fileEncoding = 4; lastKnownFileType = sourcecode.c.h; path = "DOUAudioAnalyzer+Default.h"; sourceTree = "<group>"; };
		817BB35818C9FC53007435F1 /* DOUAudioAnalyzer+Default.m */ = {isa = PBXFileReference; fileEncoding = 4; lastKnownFileType = sourcecode.c.objc; path = "DOUAudioAnalyzer+Default.m"; sourceTree = "<group>"; };
		817BB35918C9FC53007435F1 /* DOUAudioAnalyzer.h */ = {isa = PBXFileReference; fileEncoding = 4; lastKnownFileType = sourcecode.c.h; path = DOUAudioAnalyzer.h; sourceTree = "<group>"; };
		817BB35A18C9FC53007435F1 /* DOUAudioAnalyzer.m */ = {isa = PBXFileReference; fileEncoding = 4; lastKnownFileType = sourcecode.c.objc; path = DOUAudioAnalyzer.m; sourceTree = "<group>"; };
		817BB35B18C9FC53007435F1 /* DOUAudioAnalyzer_Private.h */ = {isa = PBXFileReference; fileEncoding = 4; lastKnownFileType = sourcecode.c.h; path = DOUAudioAnalyzer_Private.h; sourceTree = "<group>"; };
		817BB35C18C9FC53007435F1 /* DOUAudioBase.h */ = {isa = PBXFileReference; fileEncoding = 4; lastKnownFileType = sourcecode.c.h; path = DOUAudioBase.h; sourceTree = "<group>"; };
		817BB35D18C9FC53007435F1 /* DOUAudioDecoder.h */ = {isa = PBXFileReference; fileEncoding = 4; lastKnownFileType = sourcecode.c.h; path = DOUAudioDecoder.h; sourceTree = "<group>"; };
		817BB35E18C9FC53007435F1 /* DOUAudioDecoder.m */ = {isa = PBXFileReference; fileEncoding = 4; lastKnownFileType = sourcecode.c.objc; path = DOUAudioDecoder.m; sourceTree = "<group>"; };
		817BB35F18C9FC53007435F1 /* DOUAudioEventLoop.h */ = {isa = PBXFileReference; fileEncoding = 4; lastKnownFileType = sourcecode.c.h; path = DOUAudioEventLoop.h; sourceTree = "<group>"; };
		817BB36018C9FC53007435F1 /* DOUAudioEventLoop.m */ = {isa = PBXFileReference; fileEncoding = 4; lastKnownFileType = sourcecode.c.objc; path = DOUAudioEventLoop.m; sourceTree = "<group>"; };
		817BB36118C9FC53007435F1 /* DOUAudioFile.h */ = {isa = PBXFileReference; fileEncoding = 4; lastKnownFileType = sourcecode.c.h; path = DOUAudioFile.h; sourceTree = "<group>"; };
		817BB36218C9FC53007435F1 /* DOUAudioFilePreprocessor.h */ = {isa = PBXFileReference; fileEncoding = 4; lastKnownFileType = sourcecode.c.h; path = DOUAudioFilePreprocessor.h; sourceTree = "<group>"; };
		817BB36318C9FC53007435F1 /* DOUAudioFilePreprocessor.m */ = {isa = PBXFileReference; fileEncoding = 4; lastKnownFileType = sourcecode.c.objc; path = DOUAudioFilePreprocessor.m; sourceTree = "<group>"; };
		817BB36418C9FC53007435F1 /* DOUAudioFileProvider.h */ = {isa = PBXFileReference; fileEncoding = 4; lastKnownFileType = sourcecode.c.h; path = DOUAudioFileProvider.h; sourceTree = "<group>"; };
		817BB36518C9FC53007435F1 /* DOUAudioFileProvider.m */ = {isa = PBXFileReference; fileEncoding = 4; lastKnownFileType = sourcecode.c.objc; path = DOUAudioFileProvider.m; sourceTree = "<group>"; };
		817BB36618C9FC53007435F1 /* DOUAudioFrequencyAnalyzer.h */ = {isa = PBXFileReference; fileEncoding = 4; lastKnownFileType = sourcecode.c.h; path = DOUAudioFrequencyAnalyzer.h; sourceTree = "<group>"; };
		817BB36718C9FC53007435F1 /* DOUAudioFrequencyAnalyzer.m */ = {isa = PBXFileReference; fileEncoding = 4; lastKnownFileType = sourcecode.c.objc; path = DOUAudioFrequencyAnalyzer.m; sourceTree = "<group>"; };
		817BB36818C9FC53007435F1 /* DOUAudioLPCM.h */ = {isa = PBXFileReference; fileEncoding = 4; lastKnownFileType = sourcecode.c.h; path = DOUAudioLPCM.h; sourceTree = "<group>"; };
		817BB36918C9FC53007435F1 /* DOUAudioLPCM.m */ = {isa = PBXFileReference; fileEncoding = 4; lastKnownFileType = sourcecode.c.objc; path = DOUAudioLPCM.m; sourceTree = "<group>"; };
		817BB36A18C9FC53007435F1 /* DOUAudioPlaybackItem.h */ = {isa = PBXFileReference; fileEncoding = 4; lastKnownFileType = sourcecode.c.h; path = DOUAudioPlaybackItem.h; sourceTree = "<group>"; };
		817BB36B18C9FC53007435F1 /* DOUAudioPlaybackItem.m */ = {isa = PBXFileReference; fileEncoding = 4; lastKnownFileType = sourcecode.c.objc; path = DOUAudioPlaybackItem.m; sourceTree = "<group>"; };
		817BB36C18C9FC53007435F1 /* DOUAudioRenderer.h */ = {isa = PBXFileReference; fileEncoding = 4; lastKnownFileType = sourcecode.c.h; path = DOUAudioRenderer.h; sourceTree = "<group>"; };
		817BB36D18C9FC53007435F1 /* DOUAudioRenderer.m */ = {isa = PBXFileReference; fileEncoding = 4; lastKnownFileType = sourcecode.c.objc; path = DOUAudioRenderer.m; sourceTree = "<group>"; };
		817BB36E18C9FC53007435F1 /* DOUAudioSpatialAnalyzer.h */ = {isa = PBXFileReference; fileEncoding = 4; lastKnownFileType = sourcecode.c.h; path = DOUAudioSpatialAnalyzer.h; sourceTree = "<group>"; };
		817BB36F18C9FC53007435F1 /* DOUAudioSpatialAnalyzer.m */ = {isa = PBXFileReference; fileEncoding = 4; lastKnownFileType = sourcecode.c.objc; path = DOUAudioSpatialAnalyzer.m; sourceTree = "<group>"; };
		817BB37018C9FC53007435F1 /* DOUAudioStreamer+Options.h */ = {isa = PBXFileReference; fileEncoding = 4; lastKnownFileType = sourcecode.c.h; path = "DOUAudioStreamer+Options.h"; sourceTree = "<group>"; };
		817BB37118C9FC53007435F1 /* DOUAudioStreamer+Options.m */ = {isa = PBXFileReference; fileEncoding = 4; lastKnownFileType = sourcecode.c.objc; path = "DOUAudioStreamer+Options.m"; sourceTree = "<group>"; };
		817BB37218C9FC53007435F1 /* DOUAudioStreamer.h */ = {isa = PBXFileReference; fileEncoding = 4; lastKnownFileType = sourcecode.c.h; path = DOUAudioStreamer.h; sourceTree = "<group>"; };
		817BB37318C9FC53007435F1 /* DOUAudioStreamer.m */ = {isa = PBXFileReference; fileEncoding = 4; lastKnownFileType = sourcecode.c.objc; path = DOUAudioStreamer.m; sourceTree = "<group>"; };
		817BB37418C9FC53007435F1 /* DOUAudioStreamer_Private.h */ = {isa = PBXFileReference; fileEncoding = 4; lastKnownFileType = sourcecode.c.h; path = DOUAudioStreamer_Private.h; sourceTree = "<group>"; };
		817BB37518C9FC53007435F1 /* DOUAudioVisualizer.h */ = {isa = PBXFileReference; fileEncoding = 4; lastKnownFileType = sourcecode.c.h; path = DOUAudioVisualizer.h; sourceTree = "<group>"; };
		817BB37618C9FC53007435F1 /* DOUAudioVisualizer.m */ = {isa = PBXFileReference; fileEncoding = 4; lastKnownFileType = sourcecode.c.objc; path = DOUAudioVisualizer.m; sourceTree = "<group>"; };
		817BB37718C9FC53007435F1 /* DOUEAGL1View.h */ = {isa = PBXFileReference; fileEncoding = 4; lastKnownFileType = sourcecode.c.h; path = DOUEAGL1View.h; sourceTree = "<group>"; };
		817BB37818C9FC53007435F1 /* DOUEAGL1View.m */ = {isa = PBXFileReference; fileEncoding = 4; lastKnownFileType = sourcecode.c.objc; path = DOUEAGL1View.m; sourceTree = "<group>"; };
		817BB37918C9FC53007435F1 /* DOUEAGLView.h */ = {isa = PBXFileReference; fileEncoding = 4; lastKnownFileType = sourcecode.c.h; path = DOUEAGLView.h; sourceTree = "<group>"; };
		817BB37A18C9FC53007435F1 /* DOUEAGLView.m */ = {isa = PBXFileReference; fileEncoding = 4; lastKnownFileType = sourcecode.c.objc; path = DOUEAGLView.m; sourceTree = "<group>"; };
		817BB37B18C9FC53007435F1 /* DOUMPMediaLibraryAssetLoader.h */ = {isa = PBXFileReference; fileEncoding = 4; lastKnownFileType = sourcecode.c.h; path = DOUMPMediaLibraryAssetLoader.h; sourceTree = "<group>"; };
		817BB37C18C9FC53007435F1 /* DOUMPMediaLibraryAssetLoader.m */ = {isa = PBXFileReference; fileEncoding = 4; lastKnownFileType = sourcecode.c.objc; path = DOUMPMediaLibraryAssetLoader.m; sourceTree = "<group>"; };
		817BB37D18C9FC53007435F1 /* DOUSimpleHTTPRequest.h */ = {isa = PBXFileReference; fileEncoding = 4; lastKnownFileType = sourcecode.c.h; path = DOUSimpleHTTPRequest.h; sourceTree = "<group>"; };
		817BB37E18C9FC53007435F1 /* DOUSimpleHTTPRequest.m */ = {isa = PBXFileReference; fileEncoding = 4; lastKnownFileType = sourcecode.c.objc; path = DOUSimpleHTTPRequest.m; sourceTree = "<group>"; };
		817BB37F18C9FC53007435F1 /* NSData+DOUMappedFile.h */ = {isa = PBXFileReference; fileEncoding = 4; lastKnownFileType = sourcecode.c.h; path = "NSData+DOUMappedFile.h"; sourceTree = "<group>"; };
		817BB38018C9FC53007435F1 /* NSData+DOUMappedFile.m */ = {isa = PBXFileReference; fileEncoding = 4; lastKnownFileType = sourcecode.c.objc; path = "NSData+DOUMappedFile.m"; sourceTree = "<group>"; };
		817BB39418CA0133007435F1 /* CXAlbum.h */ = {isa = PBXFileReference; fileEncoding = 4; lastKnownFileType = sourcecode.c.h; path = CXAlbum.h; sourceTree = "<group>"; };
		817BB39518CA0133007435F1 /* CXAlbum.m */ = {isa = PBXFileReference; fileEncoding = 4; lastKnownFileType = sourcecode.c.objc; path = CXAlbum.m; sourceTree = "<group>"; };
		817BB39818CA059C007435F1 /* NSObject+iOS7Compatibility.h */ = {isa = PBXFileReference; fileEncoding = 4; lastKnownFileType = sourcecode.c.h; path = "NSObject+iOS7Compatibility.h"; sourceTree = "<group>"; };
		817BB39918CA059C007435F1 /* NSObject+iOS7Compatibility.m */ = {isa = PBXFileReference; fileEncoding = 4; lastKnownFileType = sourcecode.c.objc; path = "NSObject+iOS7Compatibility.m"; sourceTree = "<group>"; };
		817BB39A18CA059C007435F1 /* NSString+Unicode.h */ = {isa = PBXFileReference; fileEncoding = 4; lastKnownFileType = sourcecode.c.h; path = "NSString+Unicode.h"; sourceTree = "<group>"; };
		817BB39B18CA059C007435F1 /* NSString+Unicode.m */ = {isa = PBXFileReference; fileEncoding = 4; lastKnownFileType = sourcecode.c.objc; path = "NSString+Unicode.m"; sourceTree = "<group>"; };
		817BB39C18CA059C007435F1 /* UIView+Additons.h */ = {isa = PBXFileReference; fileEncoding = 4; lastKnownFileType = sourcecode.c.h; path = "UIView+Additons.h"; sourceTree = "<group>"; };
		817BB39D18CA059C007435F1 /* UIView+Additons.m */ = {isa = PBXFileReference; fileEncoding = 4; lastKnownFileType = sourcecode.c.objc; path = "UIView+Additons.m"; sourceTree = "<group>"; };
		817BB3A218CA0C9D007435F1 /* cd_bg.png */ = {isa = PBXFileReference; lastKnownFileType = image.png; path = cd_bg.png; sourceTree = "<group>"; };
		817BB3A318CA0C9D007435F1 /* icon_menu.png */ = {isa = PBXFileReference; lastKnownFileType = image.png; path = icon_menu.png; sourceTree = "<group>"; };
		817BB3A418CA0C9D007435F1 /* next.png */ = {isa = PBXFileReference; lastKnownFileType = image.png; path = next.png; sourceTree = "<group>"; };
		817BB3A518CA0C9D007435F1 /* pause.png */ = {isa = PBXFileReference; lastKnownFileType = image.png; path = pause.png; sourceTree = "<group>"; };
		817BB3A618CA0C9D007435F1 /* play.png */ = {isa = PBXFileReference; lastKnownFileType = image.png; path = play.png; sourceTree = "<group>"; };
		817BB3A718CA0C9D007435F1 /* turntable_pointer.png */ = {isa = PBXFileReference; lastKnownFileType = image.png; path = turntable_pointer.png; sourceTree = "<group>"; };
/* End PBXFileReference section */

/* Begin PBXFrameworksBuildPhase section */
		817BB1F518C9F366007435F1 /* Frameworks */ = {
			isa = PBXFrameworksBuildPhase;
			buildActionMask = 2147483647;
			files = (
				817BB35518C9FB84007435F1 /* SystemConfiguration.framework in Frameworks */,
				817BB35318C9FB79007435F1 /* MobileCoreServices.framework in Frameworks */,
				817BB35118C9FB6C007435F1 /* CoreImage.framework in Frameworks */,
				817BB34F18C9FB65007435F1 /* QuartzCore.framework in Frameworks */,
				817BB34D18C9FB5D007435F1 /* ImageIO.framework in Frameworks */,
				817BB1FE18C9F366007435F1 /* CoreGraphics.framework in Frameworks */,
				817BB34B18C9FB4B007435F1 /* CoreLocation.framework in Frameworks */,
				817BB34918C9FB44007435F1 /* MapKit.framework in Frameworks */,
				817BB34718C9FB3C007435F1 /* Security.framework in Frameworks */,
				817BB34518C9FB35007435F1 /* AVFoundation.framework in Frameworks */,
				817BB34318C9FB2E007435F1 /* CoreAudio.framework in Frameworks */,
				817BB34118C9FB26007435F1 /* CFNetwork.framework in Frameworks */,
				817BB33F18C9FB1A007435F1 /* AudioToolbox.framework in Frameworks */,
				817BB33D18C9FB0E007435F1 /* Accelerate.framework in Frameworks */,
				817BB33B18C9FAFB007435F1 /* OpenGLES.framework in Frameworks */,
				817BB20018C9F366007435F1 /* UIKit.framework in Frameworks */,
				817BB1FC18C9F366007435F1 /* Foundation.framework in Frameworks */,
			);
			runOnlyForDeploymentPostprocessing = 0;
		};
		817BB21618C9F366007435F1 /* Frameworks */ = {
			isa = PBXFrameworksBuildPhase;
			buildActionMask = 2147483647;
			files = (
				817BB21B18C9F366007435F1 /* XCTest.framework in Frameworks */,
				817BB21D18C9F366007435F1 /* UIKit.framework in Frameworks */,
				817BB21C18C9F366007435F1 /* Foundation.framework in Frameworks */,
			);
			runOnlyForDeploymentPostprocessing = 0;
		};
/* End PBXFrameworksBuildPhase section */

/* Begin PBXGroup section */
		817BB1EF18C9F365007435F1 = {
			isa = PBXGroup;
			children = (
				817BB20118C9F366007435F1 /* CXRadio */,
				817BB22018C9F366007435F1 /* CXRadioTests */,
				817BB1FA18C9F366007435F1 /* Frameworks */,
				817BB1F918C9F366007435F1 /* Products */,
				817BB3A118CA0C9D007435F1 /* Resource */,
			);
			sourceTree = "<group>";
		};
		817BB1F918C9F366007435F1 /* Products */ = {
			isa = PBXGroup;
			children = (
				817BB1F818C9F366007435F1 /* CXRadio.app */,
				817BB21918C9F366007435F1 /* CXRadioTests.xctest */,
			);
			name = Products;
			sourceTree = "<group>";
		};
		817BB1FA18C9F366007435F1 /* Frameworks */ = {
			isa = PBXGroup;
			children = (
				817BB35418C9FB84007435F1 /* SystemConfiguration.framework */,
				817BB35218C9FB79007435F1 /* MobileCoreServices.framework */,
				817BB35018C9FB6C007435F1 /* CoreImage.framework */,
				817BB34E18C9FB65007435F1 /* QuartzCore.framework */,
				817BB34C18C9FB5D007435F1 /* ImageIO.framework */,
				817BB34A18C9FB4B007435F1 /* CoreLocation.framework */,
				817BB34818C9FB44007435F1 /* MapKit.framework */,
				817BB34618C9FB3C007435F1 /* Security.framework */,
				817BB34418C9FB35007435F1 /* AVFoundation.framework */,
				817BB34218C9FB2E007435F1 /* CoreAudio.framework */,
				817BB34018C9FB26007435F1 /* CFNetwork.framework */,
				817BB33E18C9FB1A007435F1 /* AudioToolbox.framework */,
				817BB33C18C9FB0E007435F1 /* Accelerate.framework */,
				817BB33A18C9FAFB007435F1 /* OpenGLES.framework */,
				817BB1FB18C9F366007435F1 /* Foundation.framework */,
				817BB1FD18C9F366007435F1 /* CoreGraphics.framework */,
				817BB1FF18C9F366007435F1 /* UIKit.framework */,
				817BB21A18C9F366007435F1 /* XCTest.framework */,
			);
			name = Frameworks;
			sourceTree = "<group>";
		};
		817BB20118C9F366007435F1 /* CXRadio */ = {
			isa = PBXGroup;
			children = (
				817BB39718CA059C007435F1 /* Additons */,
				817BB20A18C9F366007435F1 /* CXAppDelegate.h */,
				817BB20B18C9F366007435F1 /* CXAppDelegate.m */,
				817BB21018C9F366007435F1 /* CXViewController.h */,
				817BB21118C9F366007435F1 /* CXViewController.m */,
				817BB21318C9F366007435F1 /* Images.xcassets */,
				817BB23018C9FAE0007435F1 /* Models */,
				817BB23518C9FAE1007435F1 /* Network */,
				817BB23A18C9FAE1007435F1 /* Storage */,
				817BB20218C9F366007435F1 /* Supporting Files */,
				817BB23D18C9FAE1007435F1 /* UI */,
				817BB24618C9FAE1007435F1 /* Vendor */,
			);
			path = CXRadio;
			sourceTree = "<group>";
		};
		817BB20218C9F366007435F1 /* Supporting Files */ = {
			isa = PBXGroup;
			children = (
				817BB20318C9F366007435F1 /* CXRadio-Info.plist */,
				817BB20418C9F366007435F1 /* InfoPlist.strings */,
				817BB20718C9F366007435F1 /* main.m */,
				817BB20918C9F366007435F1 /* CXRadio-Prefix.pch */,
			);
			name = "Supporting Files";
			sourceTree = "<group>";
		};
		817BB22018C9F366007435F1 /* CXRadioTests */ = {
			isa = PBXGroup;
			children = (
				817BB22618C9F366007435F1 /* CXRadioTests.m */,
				817BB22118C9F366007435F1 /* Supporting Files */,
			);
			path = CXRadioTests;
			sourceTree = "<group>";
		};
		817BB22118C9F366007435F1 /* Supporting Files */ = {
			isa = PBXGroup;
			children = (
				817BB22218C9F366007435F1 /* CXRadioTests-Info.plist */,
				817BB22318C9F366007435F1 /* InfoPlist.strings */,
			);
			name = "Supporting Files";
			sourceTree = "<group>";
		};
		817BB23018C9FAE0007435F1 /* Models */ = {
			isa = PBXGroup;
			children = (
				817BB23118C9FAE0007435F1 /* XPModel.h */,
				817BB23218C9FAE0007435F1 /* XPModel.m */,
				817BB23318C9FAE0007435F1 /* XPTrack.h */,
				817BB23418C9FAE0007435F1 /* XPTrack.m */,
				817BB39418CA0133007435F1 /* CXAlbum.h */,
				817BB39518CA0133007435F1 /* CXAlbum.m */,
			);
			path = Models;
			sourceTree = "<group>";
		};
		817BB23518C9FAE1007435F1 /* Network */ = {
			isa = PBXGroup;
			children = (
				817BB23618C9FAE1007435F1 /* XPHttpClient+Album.h */,
				817BB23718C9FAE1007435F1 /* XPHttpClient+Album.m */,
				817BB23818C9FAE1007435F1 /* XPHttpClient.h */,
				817BB23918C9FAE1007435F1 /* XPHttpClient.m */,
			);
			path = Network;
			sourceTree = "<group>";
		};
		817BB23A18C9FAE1007435F1 /* Storage */ = {
			isa = PBXGroup;
			children = (
				817BB23B18C9FAE1007435F1 /* XPStorageManager.h */,
				817BB23C18C9FAE1007435F1 /* XPStorageManager.m */,
			);
			path = Storage;
			sourceTree = "<group>";
		};
		817BB23D18C9FAE1007435F1 /* UI */ = {
			isa = PBXGroup;
			children = (
				817BB23E18C9FAE1007435F1 /* XPAudioListCell.h */,
				817BB23F18C9FAE1007435F1 /* XPAudioListCell.m */,
				817BB24018C9FAE1007435F1 /* XPAudioListTable.h */,
				817BB24118C9FAE1007435F1 /* XPAudioListTable.m */,
				817BB24218C9FAE1007435F1 /* XPExpandedSlider.h */,
				817BB24318C9FAE1007435F1 /* XPExpandedSlider.m */,
				817BB24418C9FAE1007435F1 /* XPPlayerView.h */,
				817BB24518C9FAE1007435F1 /* XPPlayerView.m */,
			);
			path = UI;
			sourceTree = "<group>";
		};
		817BB24618C9FAE1007435F1 /* Vendor */ = {
			isa = PBXGroup;
			children = (
				817BB35618C9FC53007435F1 /* DOUAudioStreamer */,
				817BB24718C9FAE1007435F1 /* AFDownloadRequestOperation */,
				817BB24A18C9FAE1007435F1 /* AFNetworking */,
				817BB2AA18C9FAE1007435F1 /* JSONKit */,
				817BB2AD18C9FAE1007435F1 /* Lumberjack */,
				817BB2BE18C9FAE1007435F1 /* MBProgressHUD */,
				817BB2C118C9FAE1007435F1 /* SDWebImage */,
				817BB2DF18C9FAE1007435F1 /* SVPullToRefresh */,
			);
			path = Vendor;
			sourceTree = "<group>";
		};
		817BB24718C9FAE1007435F1 /* AFDownloadRequestOperation */ = {
			isa = PBXGroup;
			children = (
				817BB24818C9FAE1007435F1 /* AFDownloadRequestOperation.h */,
				817BB24918C9FAE1007435F1 /* AFDownloadRequestOperation.m */,
			);
			path = AFDownloadRequestOperation;
			sourceTree = "<group>";
		};
		817BB24A18C9FAE1007435F1 /* AFNetworking */ = {
			isa = PBXGroup;
			children = (
				817BB24B18C9FAE1007435F1 /* AFHTTPClient.h */,
				817BB24C18C9FAE1007435F1 /* AFHTTPClient.m */,
				817BB24D18C9FAE1007435F1 /* AFHTTPRequestOperation.h */,
				817BB24E18C9FAE1007435F1 /* AFHTTPRequestOperation.m */,
				817BB24F18C9FAE1007435F1 /* AFImageRequestOperation.h */,
				817BB25018C9FAE1007435F1 /* AFImageRequestOperation.m */,
				817BB25118C9FAE1007435F1 /* AFJSONRequestOperation.h */,
				817BB25218C9FAE1007435F1 /* AFJSONRequestOperation.m */,
				817BB25318C9FAE1007435F1 /* AFNetworkActivityIndicatorManager.h */,
				817BB25418C9FAE1007435F1 /* AFNetworkActivityIndicatorManager.m */,
				817BB25518C9FAE1007435F1 /* AFNetworking.h */,
				817BB25618C9FAE1007435F1 /* AFPropertyListRequestOperation.h */,
				817BB25718C9FAE1007435F1 /* AFPropertyListRequestOperation.m */,
				817BB25818C9FAE1007435F1 /* AFURLConnectionOperation.h */,
				817BB25918C9FAE1007435F1 /* AFURLConnectionOperation.m */,
				817BB25A18C9FAE1007435F1 /* AFXMLRequestOperation.h */,
				817BB25B18C9FAE1007435F1 /* AFXMLRequestOperation.m */,
				817BB25C18C9FAE1007435F1 /* UIImageView+AFNetworking.h */,
				817BB25D18C9FAE1007435F1 /* UIImageView+AFNetworking.m */,
			);
			path = AFNetworking;
			sourceTree = "<group>";
		};
		817BB2AA18C9FAE1007435F1 /* JSONKit */ = {
			isa = PBXGroup;
			children = (
				817BB2AB18C9FAE1007435F1 /* JSONKit.h */,
				817BB2AC18C9FAE1007435F1 /* JSONKit.m */,
			);
			path = JSONKit;
			sourceTree = "<group>";
		};
		817BB2AD18C9FAE1007435F1 /* Lumberjack */ = {
			isa = PBXGroup;
			children = (
				817BB2AE18C9FAE1007435F1 /* DDAbstractDatabaseLogger.h */,
				817BB2AF18C9FAE1007435F1 /* DDAbstractDatabaseLogger.m */,
				817BB2B018C9FAE1007435F1 /* DDASLLogger.h */,
				817BB2B118C9FAE1007435F1 /* DDASLLogger.m */,
				817BB2B218C9FAE1007435F1 /* DDFileLogger.h */,
				817BB2B318C9FAE1007435F1 /* DDFileLogger.m */,
				817BB2B418C9FAE1007435F1 /* DDLog.h */,
				817BB2B518C9FAE1007435F1 /* DDLog.m */,
				817BB2B618C9FAE1007435F1 /* DDTTYLogger.h */,
				817BB2B718C9FAE1007435F1 /* DDTTYLogger.m */,
				817BB2B818C9FAE1007435F1 /* Extensions */,
			);
			path = Lumberjack;
			sourceTree = "<group>";
		};
		817BB2B818C9FAE1007435F1 /* Extensions */ = {
			isa = PBXGroup;
			children = (
				817BB2B918C9FAE1007435F1 /* ContextFilterLogFormatter.h */,
				817BB2BA18C9FAE1007435F1 /* ContextFilterLogFormatter.m */,
				817BB2BB18C9FAE1007435F1 /* DispatchQueueLogFormatter.h */,
				817BB2BC18C9FAE1007435F1 /* DispatchQueueLogFormatter.m */,
				817BB2BD18C9FAE1007435F1 /* README.txt */,
			);
			path = Extensions;
			sourceTree = "<group>";
		};
		817BB2BE18C9FAE1007435F1 /* MBProgressHUD */ = {
			isa = PBXGroup;
			children = (
				817BB2BF18C9FAE1007435F1 /* MBProgressHUD.h */,
				817BB2C018C9FAE1007435F1 /* MBProgressHUD.m */,
			);
			path = MBProgressHUD;
			sourceTree = "<group>";
		};
		817BB2C118C9FAE1007435F1 /* SDWebImage */ = {
			isa = PBXGroup;
			children = (
				817BB2C218C9FAE1007435F1 /* MKAnnotationView+WebCache.h */,
				817BB2C318C9FAE1007435F1 /* MKAnnotationView+WebCache.m */,
				817BB2C418C9FAE1007435F1 /* NSData+GIF.h */,
				817BB2C518C9FAE1007435F1 /* NSData+GIF.m */,
				817BB2C618C9FAE1007435F1 /* SDImageCache.h */,
				817BB2C718C9FAE1007435F1 /* SDImageCache.m */,
				817BB2C818C9FAE1007435F1 /* SDWebImageCompat.h */,
				817BB2C918C9FAE1007435F1 /* SDWebImageCompat.m */,
				817BB2CA18C9FAE1007435F1 /* SDWebImageDecoder.h */,
				817BB2CB18C9FAE1007435F1 /* SDWebImageDecoder.m */,
				817BB2CC18C9FAE1007435F1 /* SDWebImageDownloader.h */,
				817BB2CD18C9FAE1007435F1 /* SDWebImageDownloader.m */,
				817BB2CE18C9FAE1007435F1 /* SDWebImageDownloaderOperation.h */,
				817BB2CF18C9FAE1007435F1 /* SDWebImageDownloaderOperation.m */,
				817BB2D018C9FAE1007435F1 /* SDWebImageManager.h */,
				817BB2D118C9FAE1007435F1 /* SDWebImageManager.m */,
				817BB2D218C9FAE1007435F1 /* SDWebImageOperation.h */,
				817BB2D318C9FAE1007435F1 /* SDWebImagePrefetcher.h */,
				817BB2D418C9FAE1007435F1 /* SDWebImagePrefetcher.m */,
				817BB2D518C9FAE1007435F1 /* UIButton+WebCache.h */,
				817BB2D618C9FAE1007435F1 /* UIButton+WebCache.m */,
				817BB2D718C9FAE1007435F1 /* UIImage+GIF.h */,
				817BB2D818C9FAE1007435F1 /* UIImage+GIF.m */,
				817BB2D918C9FAE1007435F1 /* UIImage+MultiFormat.h */,
				817BB2DA18C9FAE1007435F1 /* UIImage+MultiFormat.m */,
				817BB2DB18C9FAE1007435F1 /* UIImage+WebP.h */,
				817BB2DC18C9FAE1007435F1 /* UIImage+WebP.m */,
				817BB2DD18C9FAE1007435F1 /* UIImageView+WebCache.h */,
				817BB2DE18C9FAE1007435F1 /* UIImageView+WebCache.m */,
			);
			path = SDWebImage;
			sourceTree = "<group>";
		};
		817BB2DF18C9FAE1007435F1 /* SVPullToRefresh */ = {
			isa = PBXGroup;
			children = (
				817BB2E018C9FAE1007435F1 /* SVPullToRefresh.h */,
				817BB2E118C9FAE1007435F1 /* UIScrollView+SVInfiniteScrolling.h */,
				817BB2E218C9FAE1007435F1 /* UIScrollView+SVInfiniteScrolling.m */,
				817BB2E318C9FAE1007435F1 /* UIScrollView+SVPullToRefresh.h */,
				817BB2E418C9FAE1007435F1 /* UIScrollView+SVPullToRefresh.m */,
			);
			path = SVPullToRefresh;
			sourceTree = "<group>";
		};
		817BB35618C9FC53007435F1 /* DOUAudioStreamer */ = {
			isa = PBXGroup;
			children = (
				817BB35718C9FC53007435F1 /* DOUAudioAnalyzer+Default.h */,
				817BB35818C9FC53007435F1 /* DOUAudioAnalyzer+Default.m */,
				817BB35918C9FC53007435F1 /* DOUAudioAnalyzer.h */,
				817BB35A18C9FC53007435F1 /* DOUAudioAnalyzer.m */,
				817BB35B18C9FC53007435F1 /* DOUAudioAnalyzer_Private.h */,
				817BB35C18C9FC53007435F1 /* DOUAudioBase.h */,
				817BB35D18C9FC53007435F1 /* DOUAudioDecoder.h */,
				817BB35E18C9FC53007435F1 /* DOUAudioDecoder.m */,
				817BB35F18C9FC53007435F1 /* DOUAudioEventLoop.h */,
				817BB36018C9FC53007435F1 /* DOUAudioEventLoop.m */,
				817BB36118C9FC53007435F1 /* DOUAudioFile.h */,
				817BB36218C9FC53007435F1 /* DOUAudioFilePreprocessor.h */,
				817BB36318C9FC53007435F1 /* DOUAudioFilePreprocessor.m */,
				817BB36418C9FC53007435F1 /* DOUAudioFileProvider.h */,
				817BB36518C9FC53007435F1 /* DOUAudioFileProvider.m */,
				817BB36618C9FC53007435F1 /* DOUAudioFrequencyAnalyzer.h */,
				817BB36718C9FC53007435F1 /* DOUAudioFrequencyAnalyzer.m */,
				817BB36818C9FC53007435F1 /* DOUAudioLPCM.h */,
				817BB36918C9FC53007435F1 /* DOUAudioLPCM.m */,
				817BB36A18C9FC53007435F1 /* DOUAudioPlaybackItem.h */,
				817BB36B18C9FC53007435F1 /* DOUAudioPlaybackItem.m */,
				817BB36C18C9FC53007435F1 /* DOUAudioRenderer.h */,
				817BB36D18C9FC53007435F1 /* DOUAudioRenderer.m */,
				817BB36E18C9FC53007435F1 /* DOUAudioSpatialAnalyzer.h */,
				817BB36F18C9FC53007435F1 /* DOUAudioSpatialAnalyzer.m */,
				817BB37018C9FC53007435F1 /* DOUAudioStreamer+Options.h */,
				817BB37118C9FC53007435F1 /* DOUAudioStreamer+Options.m */,
				817BB37218C9FC53007435F1 /* DOUAudioStreamer.h */,
				817BB37318C9FC53007435F1 /* DOUAudioStreamer.m */,
				817BB37418C9FC53007435F1 /* DOUAudioStreamer_Private.h */,
				817BB37518C9FC53007435F1 /* DOUAudioVisualizer.h */,
				817BB37618C9FC53007435F1 /* DOUAudioVisualizer.m */,
				817BB37718C9FC53007435F1 /* DOUEAGL1View.h */,
				817BB37818C9FC53007435F1 /* DOUEAGL1View.m */,
				817BB37918C9FC53007435F1 /* DOUEAGLView.h */,
				817BB37A18C9FC53007435F1 /* DOUEAGLView.m */,
				817BB37B18C9FC53007435F1 /* DOUMPMediaLibraryAssetLoader.h */,
				817BB37C18C9FC53007435F1 /* DOUMPMediaLibraryAssetLoader.m */,
				817BB37D18C9FC53007435F1 /* DOUSimpleHTTPRequest.h */,
				817BB37E18C9FC53007435F1 /* DOUSimpleHTTPRequest.m */,
				817BB37F18C9FC53007435F1 /* NSData+DOUMappedFile.h */,
				817BB38018C9FC53007435F1 /* NSData+DOUMappedFile.m */,
			);
			path = DOUAudioStreamer;
			sourceTree = "<group>";
		};
		817BB39718CA059C007435F1 /* Additons */ = {
			isa = PBXGroup;
			children = (
				817BB39818CA059C007435F1 /* NSObject+iOS7Compatibility.h */,
				817BB39918CA059C007435F1 /* NSObject+iOS7Compatibility.m */,
				817BB39A18CA059C007435F1 /* NSString+Unicode.h */,
				817BB39B18CA059C007435F1 /* NSString+Unicode.m */,
				817BB39C18CA059C007435F1 /* UIView+Additons.h */,
				817BB39D18CA059C007435F1 /* UIView+Additons.m */,
			);
			path = Additons;
			sourceTree = "<group>";
		};
		817BB3A118CA0C9D007435F1 /* Resource */ = {
			isa = PBXGroup;
			children = (
				8148424818CB50490065ACA8 /* last.png */,
				817BB3A218CA0C9D007435F1 /* cd_bg.png */,
				817BB3A318CA0C9D007435F1 /* icon_menu.png */,
				817BB3A418CA0C9D007435F1 /* next.png */,
				817BB3A518CA0C9D007435F1 /* pause.png */,
				817BB3A618CA0C9D007435F1 /* play.png */,
				817BB3A718CA0C9D007435F1 /* turntable_pointer.png */,
			);
			name = Resource;
			path = CXRadio/Resource;
			sourceTree = "<group>";
		};
/* End PBXGroup section */

/* Begin PBXNativeTarget section */
		817BB1F718C9F366007435F1 /* CXRadio */ = {
			isa = PBXNativeTarget;
			buildConfigurationList = 817BB22A18C9F366007435F1 /* Build configuration list for PBXNativeTarget "CXRadio" */;
			buildPhases = (
				817BB1F418C9F366007435F1 /* Sources */,
				817BB1F518C9F366007435F1 /* Frameworks */,
				817BB1F618C9F366007435F1 /* Resources */,
			);
			buildRules = (
			);
			dependencies = (
			);
			name = CXRadio;
			productName = CXRadio;
			productReference = 817BB1F818C9F366007435F1 /* CXRadio.app */;
			productType = "com.apple.product-type.application";
		};
		817BB21818C9F366007435F1 /* CXRadioTests */ = {
			isa = PBXNativeTarget;
			buildConfigurationList = 817BB22D18C9F366007435F1 /* Build configuration list for PBXNativeTarget "CXRadioTests" */;
			buildPhases = (
				817BB21518C9F366007435F1 /* Sources */,
				817BB21618C9F366007435F1 /* Frameworks */,
				817BB21718C9F366007435F1 /* Resources */,
			);
			buildRules = (
			);
			dependencies = (
				817BB21F18C9F366007435F1 /* PBXTargetDependency */,
			);
			name = CXRadioTests;
			productName = CXRadioTests;
			productReference = 817BB21918C9F366007435F1 /* CXRadioTests.xctest */;
			productType = "com.apple.product-type.bundle.unit-test";
		};
/* End PBXNativeTarget section */

/* Begin PBXProject section */
		817BB1F018C9F366007435F1 /* Project object */ = {
			isa = PBXProject;
			attributes = {
				CLASSPREFIX = CX;
				LastUpgradeCheck = 0510;
				ORGANIZATIONNAME = zhaoyanjun;
				TargetAttributes = {
					817BB1F718C9F366007435F1 = {
						DevelopmentTeam = YM33ZKJD96;
					};
					817BB21818C9F366007435F1 = {
						TestTargetID = 817BB1F718C9F366007435F1;
					};
				};
			};
			buildConfigurationList = 817BB1F318C9F366007435F1 /* Build configuration list for PBXProject "CXRadio" */;
			compatibilityVersion = "Xcode 3.2";
			developmentRegion = English;
			hasScannedForEncodings = 0;
			knownRegions = (
				en,
				Base,
			);
			mainGroup = 817BB1EF18C9F365007435F1;
			productRefGroup = 817BB1F918C9F366007435F1 /* Products */;
			projectDirPath = "";
			projectRoot = "";
			targets = (
				817BB1F718C9F366007435F1 /* CXRadio */,
				817BB21818C9F366007435F1 /* CXRadioTests */,
			);
		};
/* End PBXProject section */

/* Begin PBXResourcesBuildPhase section */
		817BB1F618C9F366007435F1 /* Resources */ = {
			isa = PBXResourcesBuildPhase;
			buildActionMask = 2147483647;
			files = (
				817BB21418C9F366007435F1 /* Images.xcassets in Resources */,
				8148424918CB50490065ACA8 /* last.png in Resources */,
				817BB3AC18CA0C9D007435F1 /* play.png in Resources */,
				817BB20618C9F366007435F1 /* InfoPlist.strings in Resources */,
				817BB3AA18CA0C9D007435F1 /* next.png in Resources */,
				817BB3AB18CA0C9D007435F1 /* pause.png in Resources */,
				817BB3A918CA0C9D007435F1 /* icon_menu.png in Resources */,
				817BB3AD18CA0C9D007435F1 /* turntable_pointer.png in Resources */,
				817BB32518C9FAE1007435F1 /* README.txt in Resources */,
				817BB3A818CA0C9D007435F1 /* cd_bg.png in Resources */,
			);
			runOnlyForDeploymentPostprocessing = 0;
		};
		817BB21718C9F366007435F1 /* Resources */ = {
			isa = PBXResourcesBuildPhase;
			buildActionMask = 2147483647;
			files = (
				817BB22518C9F366007435F1 /* InfoPlist.strings in Resources */,
			);
			runOnlyForDeploymentPostprocessing = 0;
		};
/* End PBXResourcesBuildPhase section */

/* Begin PBXSourcesBuildPhase section */
		817BB1F418C9F366007435F1 /* Sources */ = {
			isa = PBXSourcesBuildPhase;
			buildActionMask = 2147483647;
			files = (
				817BB38718C9FC53007435F1 /* DOUAudioFrequencyAnalyzer.m in Sources */,
				817BB32018C9FAE1007435F1 /* DDFileLogger.m in Sources */,
				817BB2E818C9FAE1007435F1 /* XPHttpClient.m in Sources */,
				817BB38518C9FC53007435F1 /* DOUAudioFilePreprocessor.m in Sources */,
				817BB32618C9FAE1007435F1 /* MBProgressHUD.m in Sources */,
				817BB32A18C9FAE1007435F1 /* SDWebImageCompat.m in Sources */,
				817BB38E18C9FC53007435F1 /* DOUAudioVisualizer.m in Sources */,
				817BB32B18C9FAE1007435F1 /* SDWebImageDecoder.m in Sources */,
				817BB38118C9FC53007435F1 /* DOUAudioAnalyzer+Default.m in Sources */,
				817BB20818C9F366007435F1 /* main.m in Sources */,
				817BB39118C9FC53007435F1 /* DOUMPMediaLibraryAssetLoader.m in Sources */,
				817BB33218C9FAE1007435F1 /* UIImage+MultiFormat.m in Sources */,
				817BB38D18C9FC53007435F1 /* DOUAudioStreamer.m in Sources */,
				817BB2EC18C9FAE1007435F1 /* XPExpandedSlider.m in Sources */,
				817BB31F18C9FAE1007435F1 /* DDASLLogger.m in Sources */,
				817BB32D18C9FAE1007435F1 /* SDWebImageDownloaderOperation.m in Sources */,
				817BB38618C9FC53007435F1 /* DOUAudioFileProvider.m in Sources */,
				817BB39018C9FC53007435F1 /* DOUEAGLView.m in Sources */,
				817BB33518C9FAE1007435F1 /* UIScrollView+SVInfiniteScrolling.m in Sources */,
				817BB32C18C9FAE1007435F1 /* SDWebImageDownloader.m in Sources */,
				817BB31E18C9FAE1007435F1 /* DDAbstractDatabaseLogger.m in Sources */,
				817BB38318C9FC53007435F1 /* DOUAudioDecoder.m in Sources */,
				817BB2E718C9FAE1007435F1 /* XPHttpClient+Album.m in Sources */,
				817BB32918C9FAE1007435F1 /* SDImageCache.m in Sources */,
				817BB39318C9FC53007435F1 /* NSData+DOUMappedFile.m in Sources */,
				817BB32718C9FAE1007435F1 /* MKAnnotationView+WebCache.m in Sources */,
				817BB39E18CA059C007435F1 /* NSObject+iOS7Compatibility.m in Sources */,
				817BB2F518C9FAE1007435F1 /* AFURLConnectionOperation.m in Sources */,
				817BB33418C9FAE1007435F1 /* UIImageView+WebCache.m in Sources */,
				817BB33018C9FAE1007435F1 /* UIButton+WebCache.m in Sources */,
				817BB2EA18C9FAE1007435F1 /* XPAudioListCell.m in Sources */,
				817BB2EF18C9FAE1007435F1 /* AFHTTPClient.m in Sources */,
				817BB38A18C9FC53007435F1 /* DOUAudioRenderer.m in Sources */,
				817BB38218C9FC53007435F1 /* DOUAudioAnalyzer.m in Sources */,
				817BB2F418C9FAE1007435F1 /* AFPropertyListRequestOperation.m in Sources */,
				817BB32418C9FAE1007435F1 /* DispatchQueueLogFormatter.m in Sources */,
				817BB38C18C9FC53007435F1 /* DOUAudioStreamer+Options.m in Sources */,
				817BB2EE18C9FAE1007435F1 /* AFDownloadRequestOperation.m in Sources */,
				817BB2F718C9FAE1007435F1 /* UIImageView+AFNetworking.m in Sources */,
				817BB39F18CA059C007435F1 /* NSString+Unicode.m in Sources */,
				817BB3A018CA059C007435F1 /* UIView+Additons.m in Sources */,
				817BB32318C9FAE1007435F1 /* ContextFilterLogFormatter.m in Sources */,
				817BB2E518C9FAE1007435F1 /* XPModel.m in Sources */,
				817BB39618CA0133007435F1 /* CXAlbum.m in Sources */,
				817BB32818C9FAE1007435F1 /* NSData+GIF.m in Sources */,
				817BB2F318C9FAE1007435F1 /* AFNetworkActivityIndicatorManager.m in Sources */,
				817BB2F118C9FAE1007435F1 /* AFImageRequestOperation.m in Sources */,
				817BB32118C9FAE1007435F1 /* DDLog.m in Sources */,
				817BB38818C9FC53007435F1 /* DOUAudioLPCM.m in Sources */,
				817BB2EB18C9FAE1007435F1 /* XPAudioListTable.m in Sources */,
				817BB31D18C9FAE1007435F1 /* JSONKit.m in Sources */,
				817BB2F618C9FAE1007435F1 /* AFXMLRequestOperation.m in Sources */,
				817BB38918C9FC53007435F1 /* DOUAudioPlaybackItem.m in Sources */,
				817BB33118C9FAE1007435F1 /* UIImage+GIF.m in Sources */,
				817BB32218C9FAE1007435F1 /* DDTTYLogger.m in Sources */,
				817BB20C18C9F366007435F1 /* CXAppDelegate.m in Sources */,
				817BB2E918C9FAE1007435F1 /* XPStorageManager.m in Sources */,
				817BB2ED18C9FAE1007435F1 /* XPPlayerView.m in Sources */,
				817BB38B18C9FC53007435F1 /* DOUAudioSpatialAnalyzer.m in Sources */,
				817BB2F018C9FAE1007435F1 /* AFHTTPRequestOperation.m in Sources */,
				817BB2F218C9FAE1007435F1 /* AFJSONRequestOperation.m in Sources */,
				817BB39218C9FC53007435F1 /* DOUSimpleHTTPRequest.m in Sources */,
				817BB38F18C9FC53007435F1 /* DOUEAGL1View.m in Sources */,
				817BB38418C9FC53007435F1 /* DOUAudioEventLoop.m in Sources */,
				817BB32E18C9FAE1007435F1 /* SDWebImageManager.m in Sources */,
				817BB2E618C9FAE1007435F1 /* XPTrack.m in Sources */,
				817BB33618C9FAE1007435F1 /* UIScrollView+SVPullToRefresh.m in Sources */,
				817BB32F18C9FAE1007435F1 /* SDWebImagePrefetcher.m in Sources */,
				817BB33318C9FAE1007435F1 /* UIImage+WebP.m in Sources */,
				817BB21218C9F366007435F1 /* CXViewController.m in Sources */,
			);
			runOnlyForDeploymentPostprocessing = 0;
		};
		817BB21518C9F366007435F1 /* Sources */ = {
			isa = PBXSourcesBuildPhase;
			buildActionMask = 2147483647;
			files = (
				817BB22718C9F366007435F1 /* CXRadioTests.m in Sources */,
			);
			runOnlyForDeploymentPostprocessing = 0;
		};
/* End PBXSourcesBuildPhase section */

/* Begin PBXTargetDependency section */
		817BB21F18C9F366007435F1 /* PBXTargetDependency */ = {
			isa = PBXTargetDependency;
			target = 817BB1F718C9F366007435F1 /* CXRadio */;
			targetProxy = 817BB21E18C9F366007435F1 /* PBXContainerItemProxy */;
		};
/* End PBXTargetDependency section */

/* Begin PBXVariantGroup section */
		817BB20418C9F366007435F1 /* InfoPlist.strings */ = {
			isa = PBXVariantGroup;
			children = (
				817BB20518C9F366007435F1 /* en */,
			);
			name = InfoPlist.strings;
			sourceTree = "<group>";
		};
		817BB22318C9F366007435F1 /* InfoPlist.strings */ = {
			isa = PBXVariantGroup;
			children = (
				817BB22418C9F366007435F1 /* en */,
			);
			name = InfoPlist.strings;
			sourceTree = "<group>";
		};
/* End PBXVariantGroup section */

/* Begin XCBuildConfiguration section */
		817BB22818C9F366007435F1 /* Debug */ = {
			isa = XCBuildConfiguration;
			buildSettings = {
				ALWAYS_SEARCH_USER_PATHS = NO;
				CLANG_CXX_LANGUAGE_STANDARD = "gnu++0x";
				CLANG_CXX_LIBRARY = "libc++";
				CLANG_ENABLE_MODULES = YES;
				CLANG_ENABLE_OBJC_ARC = YES;
				CLANG_WARN_BOOL_CONVERSION = YES;
				CLANG_WARN_CONSTANT_CONVERSION = YES;
				CLANG_WARN_DIRECT_OBJC_ISA_USAGE = YES_ERROR;
				CLANG_WARN_EMPTY_BODY = YES;
				CLANG_WARN_ENUM_CONVERSION = YES;
				CLANG_WARN_INT_CONVERSION = YES;
				CLANG_WARN_OBJC_ROOT_CLASS = YES_ERROR;
				CLANG_WARN__DUPLICATE_METHOD_MATCH = YES;
				"CODE_SIGN_IDENTITY[sdk=iphoneos*]" = "iPhone Developer";
				COPY_PHASE_STRIP = NO;
				GCC_C_LANGUAGE_STANDARD = gnu99;
				GCC_DYNAMIC_NO_PIC = NO;
				GCC_OPTIMIZATION_LEVEL = 0;
				GCC_PREPROCESSOR_DEFINITIONS = (
					"DEBUG=1",
					"$(inherited)",
				);
				GCC_SYMBOLS_PRIVATE_EXTERN = NO;
				GCC_WARN_64_TO_32_BIT_CONVERSION = YES;
				GCC_WARN_ABOUT_RETURN_TYPE = YES_ERROR;
				GCC_WARN_UNDECLARED_SELECTOR = YES;
				GCC_WARN_UNINITIALIZED_AUTOS = YES;
				GCC_WARN_UNUSED_FUNCTION = YES;
				GCC_WARN_UNUSED_VARIABLE = YES;
				IPHONEOS_DEPLOYMENT_TARGET = 7.0;
				ONLY_ACTIVE_ARCH = YES;
				SDKROOT = iphoneos;
			};
			name = Debug;
		};
		817BB22918C9F366007435F1 /* Release */ = {
			isa = XCBuildConfiguration;
			buildSettings = {
				ALWAYS_SEARCH_USER_PATHS = NO;
				CLANG_CXX_LANGUAGE_STANDARD = "gnu++0x";
				CLANG_CXX_LIBRARY = "libc++";
				CLANG_ENABLE_MODULES = YES;
				CLANG_ENABLE_OBJC_ARC = YES;
				CLANG_WARN_BOOL_CONVERSION = YES;
				CLANG_WARN_CONSTANT_CONVERSION = YES;
				CLANG_WARN_DIRECT_OBJC_ISA_USAGE = YES_ERROR;
				CLANG_WARN_EMPTY_BODY = YES;
				CLANG_WARN_ENUM_CONVERSION = YES;
				CLANG_WARN_INT_CONVERSION = YES;
				CLANG_WARN_OBJC_ROOT_CLASS = YES_ERROR;
				CLANG_WARN__DUPLICATE_METHOD_MATCH = YES;
				"CODE_SIGN_IDENTITY[sdk=iphoneos*]" = "iPhone Developer";
				COPY_PHASE_STRIP = YES;
				ENABLE_NS_ASSERTIONS = NO;
				GCC_C_LANGUAGE_STANDARD = gnu99;
				GCC_WARN_64_TO_32_BIT_CONVERSION = YES;
				GCC_WARN_ABOUT_RETURN_TYPE = YES_ERROR;
				GCC_WARN_UNDECLARED_SELECTOR = YES;
				GCC_WARN_UNINITIALIZED_AUTOS = YES;
				GCC_WARN_UNUSED_FUNCTION = YES;
				GCC_WARN_UNUSED_VARIABLE = YES;
				IPHONEOS_DEPLOYMENT_TARGET = 7.0;
				SDKROOT = iphoneos;
				VALIDATE_PRODUCT = YES;
			};
			name = Release;
		};
		817BB22B18C9F366007435F1 /* Debug */ = {
			isa = XCBuildConfiguration;
			buildSettings = {
				ASSETCATALOG_COMPILER_APPICON_NAME = AppIcon;
				ASSETCATALOG_COMPILER_LAUNCHIMAGE_NAME = LaunchImage;
				CODE_SIGN_IDENTITY = "iPhone Developer";
				"CODE_SIGN_IDENTITY[sdk=iphoneos*]" = "iPhone Developer";
				GCC_PRECOMPILE_PREFIX_HEADER = YES;
				GCC_PREFIX_HEADER = "CXRadio/CXRadio-Prefix.pch";
				INFOPLIST_FILE = "CXRadio/CXRadio-Info.plist";
				IPHONEOS_DEPLOYMENT_TARGET = 6.0;
				PRODUCT_NAME = "$(TARGET_NAME)";
				PROVISIONING_PROFILE = "";
				TARGETED_DEVICE_FAMILY = "1,2";
				WRAPPER_EXTENSION = app;
			};
			name = Debug;
		};
		817BB22C18C9F366007435F1 /* Release */ = {
			isa = XCBuildConfiguration;
			buildSettings = {
				ASSETCATALOG_COMPILER_APPICON_NAME = AppIcon;
				ASSETCATALOG_COMPILER_LAUNCHIMAGE_NAME = LaunchImage;
				CODE_SIGN_IDENTITY = "iPhone Developer";
				"CODE_SIGN_IDENTITY[sdk=iphoneos*]" = "iPhone Developer";
				GCC_PRECOMPILE_PREFIX_HEADER = YES;
				GCC_PREFIX_HEADER = "CXRadio/CXRadio-Prefix.pch";
				INFOPLIST_FILE = "CXRadio/CXRadio-Info.plist";
				IPHONEOS_DEPLOYMENT_TARGET = 6.0;
				PRODUCT_NAME = "$(TARGET_NAME)";
				PROVISIONING_PROFILE = "";
				TARGETED_DEVICE_FAMILY = "1,2";
				WRAPPER_EXTENSION = app;
			};
			name = Release;
		};
		817BB22E18C9F366007435F1 /* Debug */ = {
			isa = XCBuildConfiguration;
			buildSettings = {
				BUNDLE_LOADER = "$(BUILT_PRODUCTS_DIR)/CXRadio.app/CXRadio";
				FRAMEWORK_SEARCH_PATHS = (
					"$(SDKROOT)/Developer/Library/Frameworks",
					"$(inherited)",
					"$(DEVELOPER_FRAMEWORKS_DIR)",
				);
				GCC_PRECOMPILE_PREFIX_HEADER = YES;
				GCC_PREFIX_HEADER = "CXRadio/CXRadio-Prefix.pch";
				GCC_PREPROCESSOR_DEFINITIONS = (
					"DEBUG=1",
					"$(inherited)",
				);
				INFOPLIST_FILE = "CXRadioTests/CXRadioTests-Info.plist";
				PRODUCT_NAME = "$(TARGET_NAME)";
				TEST_HOST = "$(BUNDLE_LOADER)";
				WRAPPER_EXTENSION = xctest;
			};
			name = Debug;
		};
		817BB22F18C9F366007435F1 /* Release */ = {
			isa = XCBuildConfiguration;
			buildSettings = {
				BUNDLE_LOADER = "$(BUILT_PRODUCTS_DIR)/CXRadio.app/CXRadio";
				FRAMEWORK_SEARCH_PATHS = (
					"$(SDKROOT)/Developer/Library/Frameworks",
					"$(inherited)",
					"$(DEVELOPER_FRAMEWORKS_DIR)",
				);
				GCC_PRECOMPILE_PREFIX_HEADER = YES;
				GCC_PREFIX_HEADER = "CXRadio/CXRadio-Prefix.pch";
				INFOPLIST_FILE = "CXRadioTests/CXRadioTests-Info.plist";
				PRODUCT_NAME = "$(TARGET_NAME)";
				TEST_HOST = "$(BUNDLE_LOADER)";
				WRAPPER_EXTENSION = xctest;
			};
			name = Release;
		};
/* End XCBuildConfiguration section */

/* Begin XCConfigurationList section */
		817BB1F318C9F366007435F1 /* Build configuration list for PBXProject "CXRadio" */ = {
			isa = XCConfigurationList;
			buildConfigurations = (
				817BB22818C9F366007435F1 /* Debug */,
				817BB22918C9F366007435F1 /* Release */,
			);
			defaultConfigurationIsVisible = 0;
			defaultConfigurationName = Release;
		};
		817BB22A18C9F366007435F1 /* Build configuration list for PBXNativeTarget "CXRadio" */ = {
			isa = XCConfigurationList;
			buildConfigurations = (
				817BB22B18C9F366007435F1 /* Debug */,
				817BB22C18C9F366007435F1 /* Release */,
			);
			defaultConfigurationIsVisible = 0;
			defaultConfigurationName = Release;
		};
		817BB22D18C9F366007435F1 /* Build configuration list for PBXNativeTarget "CXRadioTests" */ = {
			isa = XCConfigurationList;
			buildConfigurations = (
				817BB22E18C9F366007435F1 /* Debug */,
				817BB22F18C9F366007435F1 /* Release */,
			);
			defaultConfigurationIsVisible = 0;
			defaultConfigurationName = Release;
		};
/* End XCConfigurationList section */
	};
	rootObject = 817BB1F018C9F366007435F1 /* Project object */;
}
